// !$*UTF8*$!
{
	archiveVersion = 1;
	classes = {
	};
	objectVersion = 55;
	objects = {

/* Begin PBXBuildFile section */
		DD05F61529A632F3007640B1 /* LoginViewController.swift in Sources */ = {isa = PBXBuildFile; fileRef = DD05F61429A632F3007640B1 /* LoginViewController.swift */; };
		DD05F61729A633FC007640B1 /* CreateAcountViewController.swift in Sources */ = {isa = PBXBuildFile; fileRef = DD05F61629A633FC007640B1 /* CreateAcountViewController.swift */; };
		DD05F61B29A64308007640B1 /* GoogleService-Info.plist in Resources */ = {isa = PBXBuildFile; fileRef = DD05F61A29A64308007640B1 /* GoogleService-Info.plist */; };
		DD2C931B29A9278C00FD6A14 /* TakePhotoViewController.swift in Sources */ = {isa = PBXBuildFile; fileRef = DD2C931A29A9278C00FD6A14 /* TakePhotoViewController.swift */; };
		DD2C932229AA313200FD6A14 /* PackageTableViewController.swift in Sources */ = {isa = PBXBuildFile; fileRef = DD2C932129AA313200FD6A14 /* PackageTableViewController.swift */; };
		DD2C932429AA36F600FD6A14 /* PackageDetailsViewController.swift in Sources */ = {isa = PBXBuildFile; fileRef = DD2C932329AA36F600FD6A14 /* PackageDetailsViewController.swift */; };
		DD2C932629AA4D7100FD6A14 /* ApiService.swift in Sources */ = {isa = PBXBuildFile; fileRef = DD2C932529AA4D7100FD6A14 /* ApiService.swift */; };
		DD2C932929AA63AF00FD6A14 /* ManageEmployerViewModel.swift in Sources */ = {isa = PBXBuildFile; fileRef = DD2C932829AA63AF00FD6A14 /* ManageEmployerViewModel.swift */; };
		DD2C932B29AA653D00FD6A14 /* Employer.swift in Sources */ = {isa = PBXBuildFile; fileRef = DD2C932A29AA653D00FD6A14 /* Employer.swift */; };
		DD60A1C72997EE2E005219F4 /* AppDelegate.swift in Sources */ = {isa = PBXBuildFile; fileRef = DD60A1C62997EE2E005219F4 /* AppDelegate.swift */; };
		DD60A1C92997EE2E005219F4 /* SceneDelegate.swift in Sources */ = {isa = PBXBuildFile; fileRef = DD60A1C82997EE2E005219F4 /* SceneDelegate.swift */; };
		DD60A1CB2997EE2E005219F4 /* ViewController.swift in Sources */ = {isa = PBXBuildFile; fileRef = DD60A1CA2997EE2E005219F4 /* ViewController.swift */; };
		DD60A1CE2997EE2E005219F4 /* Main.storyboard in Resources */ = {isa = PBXBuildFile; fileRef = DD60A1CC2997EE2E005219F4 /* Main.storyboard */; };
		DD60A1D02997EE2F005219F4 /* Assets.xcassets in Resources */ = {isa = PBXBuildFile; fileRef = DD60A1CF2997EE2F005219F4 /* Assets.xcassets */; };
		DD60A1D32997EE2F005219F4 /* LaunchScreen.storyboard in Resources */ = {isa = PBXBuildFile; fileRef = DD60A1D12997EE2F005219F4 /* LaunchScreen.storyboard */; };
		DD60A1DE2997EE2F005219F4 /* DelivererTests.swift in Sources */ = {isa = PBXBuildFile; fileRef = DD60A1DD2997EE2F005219F4 /* DelivererTests.swift */; };
		DD60A1E82997EE2F005219F4 /* DelivererUITests.swift in Sources */ = {isa = PBXBuildFile; fileRef = DD60A1E72997EE2F005219F4 /* DelivererUITests.swift */; };
		DD60A1EA2997EE2F005219F4 /* DelivererUITestsLaunchTests.swift in Sources */ = {isa = PBXBuildFile; fileRef = DD60A1E92997EE2F005219F4 /* DelivererUITestsLaunchTests.swift */; };
		DD73677C29A6EDF800D66D3E /* Tournee.swift in Sources */ = {isa = PBXBuildFile; fileRef = DD73677B29A6EDF800D66D3E /* Tournee.swift */; };
		DD73677E29A6EE3500D66D3E /* Colis.swift in Sources */ = {isa = PBXBuildFile; fileRef = DD73677D29A6EE3500D66D3E /* Colis.swift */; };
		DD73678029A6EE8000D66D3E /* TourneeCell.swift in Sources */ = {isa = PBXBuildFile; fileRef = DD73677F29A6EE8000D66D3E /* TourneeCell.swift */; };
		DD73678429A7704C00D66D3E /* Media.xcassets in Resources */ = {isa = PBXBuildFile; fileRef = DD73678329A7704B00D66D3E /* Media.xcassets */; };
		DD73678629A7802500D66D3E /* CustomTextField.swift in Sources */ = {isa = PBXBuildFile; fileRef = DD73678529A7802500D66D3E /* CustomTextField.swift */; };
/* End PBXBuildFile section */

/* Begin PBXContainerItemProxy section */
		DD60A1DA2997EE2F005219F4 /* PBXContainerItemProxy */ = {
			isa = PBXContainerItemProxy;
			containerPortal = DD60A1BB2997EE2D005219F4 /* Project object */;
			proxyType = 1;
			remoteGlobalIDString = DD60A1C22997EE2E005219F4;
			remoteInfo = Deliverer;
		};
		DD60A1E42997EE2F005219F4 /* PBXContainerItemProxy */ = {
			isa = PBXContainerItemProxy;
			containerPortal = DD60A1BB2997EE2D005219F4 /* Project object */;
			proxyType = 1;
			remoteGlobalIDString = DD60A1C22997EE2E005219F4;
			remoteInfo = Deliverer;
		};
/* End PBXContainerItemProxy section */

/* Begin PBXFileReference section */
		DD05F61429A632F3007640B1 /* LoginViewController.swift */ = {isa = PBXFileReference; lastKnownFileType = sourcecode.swift; path = LoginViewController.swift; sourceTree = "<group>"; };
		DD05F61629A633FC007640B1 /* CreateAcountViewController.swift */ = {isa = PBXFileReference; lastKnownFileType = sourcecode.swift; name = CreateAcountViewController.swift; path = ../CreateAcountViewController.swift; sourceTree = "<group>"; };
		DD05F61929A63942007640B1 /* en */ = {isa = PBXFileReference; lastKnownFileType = text.plist.strings; name = en; path = en.lproj/Main.strings; sourceTree = "<group>"; };
		DD05F61A29A64308007640B1 /* GoogleService-Info.plist */ = {isa = PBXFileReference; fileEncoding = 4; lastKnownFileType = text.plist.xml; path = "GoogleService-Info.plist"; sourceTree = "<group>"; };
		DD2C931A29A9278C00FD6A14 /* TakePhotoViewController.swift */ = {isa = PBXFileReference; lastKnownFileType = sourcecode.swift; path = TakePhotoViewController.swift; sourceTree = "<group>"; };
		DD2C932129AA313200FD6A14 /* PackageTableViewController.swift */ = {isa = PBXFileReference; lastKnownFileType = sourcecode.swift; path = PackageTableViewController.swift; sourceTree = "<group>"; };
		DD2C932329AA36F600FD6A14 /* PackageDetailsViewController.swift */ = {isa = PBXFileReference; lastKnownFileType = sourcecode.swift; path = PackageDetailsViewController.swift; sourceTree = "<group>"; };
		DD2C932529AA4D7100FD6A14 /* ApiService.swift */ = {isa = PBXFileReference; lastKnownFileType = sourcecode.swift; path = ApiService.swift; sourceTree = "<group>"; };
		DD2C932829AA63AF00FD6A14 /* ManageEmployerViewModel.swift */ = {isa = PBXFileReference; lastKnownFileType = sourcecode.swift; path = ManageEmployerViewModel.swift; sourceTree = "<group>"; };
		DD2C932A29AA653D00FD6A14 /* Employer.swift */ = {isa = PBXFileReference; lastKnownFileType = sourcecode.swift; path = Employer.swift; sourceTree = "<group>"; };
		DD60A1C32997EE2E005219F4 /* Deliverer.app */ = {isa = PBXFileReference; explicitFileType = wrapper.application; includeInIndex = 0; path = Deliverer.app; sourceTree = BUILT_PRODUCTS_DIR; };
		DD60A1C62997EE2E005219F4 /* AppDelegate.swift */ = {isa = PBXFileReference; lastKnownFileType = sourcecode.swift; path = AppDelegate.swift; sourceTree = "<group>"; };
		DD60A1C82997EE2E005219F4 /* SceneDelegate.swift */ = {isa = PBXFileReference; lastKnownFileType = sourcecode.swift; path = SceneDelegate.swift; sourceTree = "<group>"; };
		DD60A1CA2997EE2E005219F4 /* ViewController.swift */ = {isa = PBXFileReference; lastKnownFileType = sourcecode.swift; path = ViewController.swift; sourceTree = "<group>"; };
		DD60A1CD2997EE2E005219F4 /* Base */ = {isa = PBXFileReference; lastKnownFileType = file.storyboard; name = Base; path = Base.lproj/Main.storyboard; sourceTree = "<group>"; };
		DD60A1CF2997EE2F005219F4 /* Assets.xcassets */ = {isa = PBXFileReference; lastKnownFileType = folder.assetcatalog; path = Assets.xcassets; sourceTree = "<group>"; };
		DD60A1D22997EE2F005219F4 /* Base */ = {isa = PBXFileReference; lastKnownFileType = file.storyboard; name = Base; path = Base.lproj/LaunchScreen.storyboard; sourceTree = "<group>"; };
		DD60A1D42997EE2F005219F4 /* Info.plist */ = {isa = PBXFileReference; lastKnownFileType = text.plist.xml; path = Info.plist; sourceTree = "<group>"; };
		DD60A1D92997EE2F005219F4 /* DelivererTests.xctest */ = {isa = PBXFileReference; explicitFileType = wrapper.cfbundle; includeInIndex = 0; path = DelivererTests.xctest; sourceTree = BUILT_PRODUCTS_DIR; };
		DD60A1DD2997EE2F005219F4 /* DelivererTests.swift */ = {isa = PBXFileReference; lastKnownFileType = sourcecode.swift; path = DelivererTests.swift; sourceTree = "<group>"; };
		DD60A1E32997EE2F005219F4 /* DelivererUITests.xctest */ = {isa = PBXFileReference; explicitFileType = wrapper.cfbundle; includeInIndex = 0; path = DelivererUITests.xctest; sourceTree = BUILT_PRODUCTS_DIR; };
		DD60A1E72997EE2F005219F4 /* DelivererUITests.swift */ = {isa = PBXFileReference; lastKnownFileType = sourcecode.swift; path = DelivererUITests.swift; sourceTree = "<group>"; };
		DD60A1E92997EE2F005219F4 /* DelivererUITestsLaunchTests.swift */ = {isa = PBXFileReference; lastKnownFileType = sourcecode.swift; path = DelivererUITestsLaunchTests.swift; sourceTree = "<group>"; };
		DD644EA529A6CC9100987AAC /* fr */ = {isa = PBXFileReference; lastKnownFileType = text.plist.strings; name = fr; path = fr.lproj/Main.strings; sourceTree = "<group>"; };
		DD644EA629A6CC9100987AAC /* fr */ = {isa = PBXFileReference; lastKnownFileType = text.plist.strings; name = fr; path = fr.lproj/LaunchScreen.strings; sourceTree = "<group>"; };
		DD644EA729A6CCAC00987AAC /* es */ = {isa = PBXFileReference; lastKnownFileType = text.plist.strings; name = es; path = es.lproj/Main.strings; sourceTree = "<group>"; };
		DD644EA829A6CCAC00987AAC /* es */ = {isa = PBXFileReference; lastKnownFileType = text.plist.strings; name = es; path = es.lproj/LaunchScreen.strings; sourceTree = "<group>"; };
		DD73677B29A6EDF800D66D3E /* Tournee.swift */ = {isa = PBXFileReference; lastKnownFileType = sourcecode.swift; path = Tournee.swift; sourceTree = "<group>"; };
		DD73677D29A6EE3500D66D3E /* Colis.swift */ = {isa = PBXFileReference; lastKnownFileType = sourcecode.swift; path = Colis.swift; sourceTree = "<group>"; };
		DD73677F29A6EE8000D66D3E /* TourneeCell.swift */ = {isa = PBXFileReference; lastKnownFileType = sourcecode.swift; path = TourneeCell.swift; sourceTree = "<group>"; };
		DD73678329A7704B00D66D3E /* Media.xcassets */ = {isa = PBXFileReference; lastKnownFileType = folder.assetcatalog; path = Media.xcassets; sourceTree = "<group>"; };
		DD73678529A7802500D66D3E /* CustomTextField.swift */ = {isa = PBXFileReference; lastKnownFileType = sourcecode.swift; path = CustomTextField.swift; sourceTree = "<group>"; };
/* End PBXFileReference section */

/* Begin PBXFrameworksBuildPhase section */
		DD60A1C02997EE2E005219F4 /* Frameworks */ = {
			isa = PBXFrameworksBuildPhase;
			buildActionMask = 2147483647;
			files = (
			);
			runOnlyForDeploymentPostprocessing = 0;
		};
		DD60A1D62997EE2F005219F4 /* Frameworks */ = {
			isa = PBXFrameworksBuildPhase;
			buildActionMask = 2147483647;
			files = (
			);
			runOnlyForDeploymentPostprocessing = 0;
		};
		DD60A1E02997EE2F005219F4 /* Frameworks */ = {
			isa = PBXFrameworksBuildPhase;
			buildActionMask = 2147483647;
			files = (
			);
			runOnlyForDeploymentPostprocessing = 0;
		};
/* End PBXFrameworksBuildPhase section */

/* Begin PBXGroup section */
		DD05F62129A68A41007640B1 /* Resources */ = {
			isa = PBXGroup;
			children = (
				DD73678329A7704B00D66D3E /* Media.xcassets */,
			);
			path = Resources;
			sourceTree = "<group>";
		};
		DD2C931829A8FA2F00FD6A14 /* Controller */ = {
			isa = PBXGroup;
			children = (
				DD60A1CA2997EE2E005219F4 /* ViewController.swift */,
				DD2C931A29A9278C00FD6A14 /* TakePhotoViewController.swift */,
				DD05F61429A632F3007640B1 /* LoginViewController.swift */,
				DD05F61629A633FC007640B1 /* CreateAcountViewController.swift */,
				DD2C932129AA313200FD6A14 /* PackageTableViewController.swift */,
				DD2C932329AA36F600FD6A14 /* PackageDetailsViewController.swift */,
			);
			path = Controller;
			sourceTree = "<group>";
		};
		DD2C931929A8FA6500FD6A14 /* Model */ = {
			isa = PBXGroup;
			children = (
				DD73677F29A6EE8000D66D3E /* TourneeCell.swift */,
				DD73677D29A6EE3500D66D3E /* Colis.swift */,
				DD73677B29A6EDF800D66D3E /* Tournee.swift */,
				DD2C932A29AA653D00FD6A14 /* Employer.swift */,
			);
			path = Model;
			sourceTree = "<group>";
		};
		DD2C932729AA638400FD6A14 /* ViewModel */ = {
			isa = PBXGroup;
			children = (
				DD2C932829AA63AF00FD6A14 /* ManageEmployerViewModel.swift */,
			);
			path = ViewModel;
			sourceTree = "<group>";
		};
		DD60A1BA2997EE2D005219F4 = {
			isa = PBXGroup;
			children = (
				DD60A1C52997EE2E005219F4 /* Deliverer */,
				DD60A1DC2997EE2F005219F4 /* DelivererTests */,
				DD60A1E62997EE2F005219F4 /* DelivererUITests */,
				DD60A1C42997EE2E005219F4 /* Products */,
			);
			sourceTree = "<group>";
		};
		DD60A1C42997EE2E005219F4 /* Products */ = {
			isa = PBXGroup;
			children = (
				DD60A1C32997EE2E005219F4 /* Deliverer.app */,
				DD60A1D92997EE2F005219F4 /* DelivererTests.xctest */,
				DD60A1E32997EE2F005219F4 /* DelivererUITests.xctest */,
			);
			name = Products;
			sourceTree = "<group>";
		};
		DD60A1C52997EE2E005219F4 /* Deliverer */ = {
			isa = PBXGroup;
			children = (
				DD2C932729AA638400FD6A14 /* ViewModel */,
				DD2C931929A8FA6500FD6A14 /* Model */,
				DD2C931829A8FA2F00FD6A14 /* Controller */,
				DD73678529A7802500D66D3E /* CustomTextField.swift */,
				DD60A1C62997EE2E005219F4 /* AppDelegate.swift */,
				DD60A1C82997EE2E005219F4 /* SceneDelegate.swift */,
				DD60A1CC2997EE2E005219F4 /* Main.storyboard */,
				DD60A1CF2997EE2F005219F4 /* Assets.xcassets */,
				DD60A1D12997EE2F005219F4 /* LaunchScreen.storyboard */,
				DD60A1D42997EE2F005219F4 /* Info.plist */,
				DD05F61A29A64308007640B1 /* GoogleService-Info.plist */,
				DD05F62129A68A41007640B1 /* Resources */,
				DD2C932529AA4D7100FD6A14 /* ApiService.swift */,
			);
			path = Deliverer;
			sourceTree = "<group>";
		};
		DD60A1DC2997EE2F005219F4 /* DelivererTests */ = {
			isa = PBXGroup;
			children = (
				DD60A1DD2997EE2F005219F4 /* DelivererTests.swift */,
			);
			path = DelivererTests;
			sourceTree = "<group>";
		};
		DD60A1E62997EE2F005219F4 /* DelivererUITests */ = {
			isa = PBXGroup;
			children = (
				DD60A1E72997EE2F005219F4 /* DelivererUITests.swift */,
				DD60A1E92997EE2F005219F4 /* DelivererUITestsLaunchTests.swift */,
			);
			path = DelivererUITests;
			sourceTree = "<group>";
		};
/* End PBXGroup section */

/* Begin PBXNativeTarget section */
		DD60A1C22997EE2E005219F4 /* Deliverer */ = {
			isa = PBXNativeTarget;
			buildConfigurationList = DD60A1ED2997EE2F005219F4 /* Build configuration list for PBXNativeTarget "Deliverer" */;
			buildPhases = (
				DD60A1BF2997EE2E005219F4 /* Sources */,
				DD60A1C02997EE2E005219F4 /* Frameworks */,
				DD60A1C12997EE2E005219F4 /* Resources */,
			);
			buildRules = (
			);
			dependencies = (
			);
			name = Deliverer;
			packageProductDependencies = (
			);
			productName = Deliverer;
			productReference = DD60A1C32997EE2E005219F4 /* Deliverer.app */;
			productType = "com.apple.product-type.application";
		};
		DD60A1D82997EE2F005219F4 /* DelivererTests */ = {
			isa = PBXNativeTarget;
			buildConfigurationList = DD60A1F02997EE2F005219F4 /* Build configuration list for PBXNativeTarget "DelivererTests" */;
			buildPhases = (
				DD60A1D52997EE2F005219F4 /* Sources */,
				DD60A1D62997EE2F005219F4 /* Frameworks */,
				DD60A1D72997EE2F005219F4 /* Resources */,
			);
			buildRules = (
			);
			dependencies = (
				DD60A1DB2997EE2F005219F4 /* PBXTargetDependency */,
			);
			name = DelivererTests;
			productName = DelivererTests;
			productReference = DD60A1D92997EE2F005219F4 /* DelivererTests.xctest */;
			productType = "com.apple.product-type.bundle.unit-test";
		};
		DD60A1E22997EE2F005219F4 /* DelivererUITests */ = {
			isa = PBXNativeTarget;
			buildConfigurationList = DD60A1F32997EE2F005219F4 /* Build configuration list for PBXNativeTarget "DelivererUITests" */;
			buildPhases = (
				DD60A1DF2997EE2F005219F4 /* Sources */,
				DD60A1E02997EE2F005219F4 /* Frameworks */,
				DD60A1E12997EE2F005219F4 /* Resources */,
			);
			buildRules = (
			);
			dependencies = (
				DD60A1E52997EE2F005219F4 /* PBXTargetDependency */,
			);
			name = DelivererUITests;
			productName = DelivererUITests;
			productReference = DD60A1E32997EE2F005219F4 /* DelivererUITests.xctest */;
			productType = "com.apple.product-type.bundle.ui-testing";
		};
/* End PBXNativeTarget section */

/* Begin PBXProject section */
		DD60A1BB2997EE2D005219F4 /* Project object */ = {
			isa = PBXProject;
			attributes = {
				BuildIndependentTargetsInParallel = 1;
				LastSwiftUpdateCheck = 1410;
				LastUpgradeCheck = 1410;
				TargetAttributes = {
					DD60A1C22997EE2E005219F4 = {
						CreatedOnToolsVersion = 14.1;
					};
					DD60A1D82997EE2F005219F4 = {
						CreatedOnToolsVersion = 14.1;
						TestTargetID = DD60A1C22997EE2E005219F4;
					};
					DD60A1E22997EE2F005219F4 = {
						CreatedOnToolsVersion = 14.1;
						TestTargetID = DD60A1C22997EE2E005219F4;
					};
				};
			};
			buildConfigurationList = DD60A1BE2997EE2D005219F4 /* Build configuration list for PBXProject "Deliverer" */;
			compatibilityVersion = "Xcode 13.0";
			developmentRegion = en;
			hasScannedForEncodings = 0;
			knownRegions = (
				en,
				Base,
				fr,
				es,
			);
			mainGroup = DD60A1BA2997EE2D005219F4;
			packageReferences = (
			);
			productRefGroup = DD60A1C42997EE2E005219F4 /* Products */;
			projectDirPath = "";
			projectRoot = "";
			targets = (
				DD60A1C22997EE2E005219F4 /* Deliverer */,
				DD60A1D82997EE2F005219F4 /* DelivererTests */,
				DD60A1E22997EE2F005219F4 /* DelivererUITests */,
			);
		};
/* End PBXProject section */

/* Begin PBXResourcesBuildPhase section */
		DD60A1C12997EE2E005219F4 /* Resources */ = {
			isa = PBXResourcesBuildPhase;
			buildActionMask = 2147483647;
			files = (
				DD60A1D32997EE2F005219F4 /* LaunchScreen.storyboard in Resources */,
				DD05F61B29A64308007640B1 /* GoogleService-Info.plist in Resources */,
				DD60A1D02997EE2F005219F4 /* Assets.xcassets in Resources */,
				DD73678429A7704C00D66D3E /* Media.xcassets in Resources */,
				DD60A1CE2997EE2E005219F4 /* Main.storyboard in Resources */,
			);
			runOnlyForDeploymentPostprocessing = 0;
		};
		DD60A1D72997EE2F005219F4 /* Resources */ = {
			isa = PBXResourcesBuildPhase;
			buildActionMask = 2147483647;
			files = (
			);
			runOnlyForDeploymentPostprocessing = 0;
		};
		DD60A1E12997EE2F005219F4 /* Resources */ = {
			isa = PBXResourcesBuildPhase;
			buildActionMask = 2147483647;
			files = (
			);
			runOnlyForDeploymentPostprocessing = 0;
		};
/* End PBXResourcesBuildPhase section */

/* Begin PBXSourcesBuildPhase section */
		DD60A1BF2997EE2E005219F4 /* Sources */ = {
			isa = PBXSourcesBuildPhase;
			buildActionMask = 2147483647;
			files = (
				DD2C932B29AA653D00FD6A14 /* Employer.swift in Sources */,
				DD2C932229AA313200FD6A14 /* PackageTableViewController.swift in Sources */,
				DD73677C29A6EDF800D66D3E /* Tournee.swift in Sources */,
				DD05F61529A632F3007640B1 /* LoginViewController.swift in Sources */,
				DD2C932429AA36F600FD6A14 /* PackageDetailsViewController.swift in Sources */,
				DD60A1CB2997EE2E005219F4 /* ViewController.swift in Sources */,
				DD60A1C72997EE2E005219F4 /* AppDelegate.swift in Sources */,
				DD73678629A7802500D66D3E /* CustomTextField.swift in Sources */,
				DD60A1C92997EE2E005219F4 /* SceneDelegate.swift in Sources */,
				DD73677E29A6EE3500D66D3E /* Colis.swift in Sources */,
				DD2C932929AA63AF00FD6A14 /* ManageEmployerViewModel.swift in Sources */,
				DD73678029A6EE8000D66D3E /* TourneeCell.swift in Sources */,
				DD2C932629AA4D7100FD6A14 /* ApiService.swift in Sources */,
				DD2C931B29A9278C00FD6A14 /* TakePhotoViewController.swift in Sources */,
				DD05F61729A633FC007640B1 /* CreateAcountViewController.swift in Sources */,
			);
			runOnlyForDeploymentPostprocessing = 0;
		};
		DD60A1D52997EE2F005219F4 /* Sources */ = {
			isa = PBXSourcesBuildPhase;
			buildActionMask = 2147483647;
			files = (
				DD60A1DE2997EE2F005219F4 /* DelivererTests.swift in Sources */,
			);
			runOnlyForDeploymentPostprocessing = 0;
		};
		DD60A1DF2997EE2F005219F4 /* Sources */ = {
			isa = PBXSourcesBuildPhase;
			buildActionMask = 2147483647;
			files = (
				DD60A1E82997EE2F005219F4 /* DelivererUITests.swift in Sources */,
				DD60A1EA2997EE2F005219F4 /* DelivererUITestsLaunchTests.swift in Sources */,
			);
			runOnlyForDeploymentPostprocessing = 0;
		};
/* End PBXSourcesBuildPhase section */

/* Begin PBXTargetDependency section */
		DD60A1DB2997EE2F005219F4 /* PBXTargetDependency */ = {
			isa = PBXTargetDependency;
			target = DD60A1C22997EE2E005219F4 /* Deliverer */;
			targetProxy = DD60A1DA2997EE2F005219F4 /* PBXContainerItemProxy */;
		};
		DD60A1E52997EE2F005219F4 /* PBXTargetDependency */ = {
			isa = PBXTargetDependency;
			target = DD60A1C22997EE2E005219F4 /* Deliverer */;
			targetProxy = DD60A1E42997EE2F005219F4 /* PBXContainerItemProxy */;
		};
/* End PBXTargetDependency section */

/* Begin PBXVariantGroup section */
		DD60A1CC2997EE2E005219F4 /* Main.storyboard */ = {
			isa = PBXVariantGroup;
			children = (
				DD60A1CD2997EE2E005219F4 /* Base */,
				DD05F61929A63942007640B1 /* en */,
				DD644EA529A6CC9100987AAC /* fr */,
				DD644EA729A6CCAC00987AAC /* es */,
			);
			name = Main.storyboard;
			sourceTree = "<group>";
		};
		DD60A1D12997EE2F005219F4 /* LaunchScreen.storyboard */ = {
			isa = PBXVariantGroup;
			children = (
				DD60A1D22997EE2F005219F4 /* Base */,
				DD644EA629A6CC9100987AAC /* fr */,
				DD644EA829A6CCAC00987AAC /* es */,
			);
			name = LaunchScreen.storyboard;
			sourceTree = "<group>";
		};
/* End PBXVariantGroup section */

/* Begin XCBuildConfiguration section */
		DD60A1EB2997EE2F005219F4 /* Debug */ = {
			isa = XCBuildConfiguration;
			buildSettings = {
				ALWAYS_SEARCH_USER_PATHS = NO;
				CLANG_ANALYZER_LOCALIZABILITY_NONLOCALIZED = YES;
				CLANG_ANALYZER_NONNULL = YES;
				CLANG_ANALYZER_NUMBER_OBJECT_CONVERSION = YES_AGGRESSIVE;
				CLANG_CXX_LANGUAGE_STANDARD = "gnu++20";
				CLANG_ENABLE_MODULES = YES;
				CLANG_ENABLE_OBJC_ARC = YES;
				CLANG_ENABLE_OBJC_WEAK = YES;
				CLANG_WARN_BLOCK_CAPTURE_AUTORELEASING = YES;
				CLANG_WARN_BOOL_CONVERSION = YES;
				CLANG_WARN_COMMA = YES;
				CLANG_WARN_CONSTANT_CONVERSION = YES;
				CLANG_WARN_DEPRECATED_OBJC_IMPLEMENTATIONS = YES;
				CLANG_WARN_DIRECT_OBJC_ISA_USAGE = YES_ERROR;
				CLANG_WARN_DOCUMENTATION_COMMENTS = YES;
				CLANG_WARN_EMPTY_BODY = YES;
				CLANG_WARN_ENUM_CONVERSION = YES;
				CLANG_WARN_INFINITE_RECURSION = YES;
				CLANG_WARN_INT_CONVERSION = YES;
				CLANG_WARN_NON_LITERAL_NULL_CONVERSION = YES;
				CLANG_WARN_OBJC_IMPLICIT_RETAIN_SELF = YES;
				CLANG_WARN_OBJC_LITERAL_CONVERSION = YES;
				CLANG_WARN_OBJC_ROOT_CLASS = YES_ERROR;
				CLANG_WARN_QUOTED_INCLUDE_IN_FRAMEWORK_HEADER = YES;
				CLANG_WARN_RANGE_LOOP_ANALYSIS = YES;
				CLANG_WARN_STRICT_PROTOTYPES = YES;
				CLANG_WARN_SUSPICIOUS_MOVE = YES;
				CLANG_WARN_UNGUARDED_AVAILABILITY = YES_AGGRESSIVE;
				CLANG_WARN_UNREACHABLE_CODE = YES;
				CLANG_WARN__DUPLICATE_METHOD_MATCH = YES;
				COPY_PHASE_STRIP = NO;
				DEBUG_INFORMATION_FORMAT = dwarf;
				ENABLE_STRICT_OBJC_MSGSEND = YES;
				ENABLE_TESTABILITY = YES;
				GCC_C_LANGUAGE_STANDARD = gnu11;
				GCC_DYNAMIC_NO_PIC = NO;
				GCC_NO_COMMON_BLOCKS = YES;
				GCC_OPTIMIZATION_LEVEL = 0;
				GCC_PREPROCESSOR_DEFINITIONS = (
					"DEBUG=1",
					"$(inherited)",
				);
				GCC_WARN_64_TO_32_BIT_CONVERSION = YES;
				GCC_WARN_ABOUT_RETURN_TYPE = YES_ERROR;
				GCC_WARN_UNDECLARED_SELECTOR = YES;
				GCC_WARN_UNINITIALIZED_AUTOS = YES_AGGRESSIVE;
				GCC_WARN_UNUSED_FUNCTION = YES;
				GCC_WARN_UNUSED_VARIABLE = YES;
				IPHONEOS_DEPLOYMENT_TARGET = 16.1;
				MTL_ENABLE_DEBUG_INFO = INCLUDE_SOURCE;
				MTL_FAST_MATH = YES;
				ONLY_ACTIVE_ARCH = YES;
				SDKROOT = iphoneos;
				SWIFT_ACTIVE_COMPILATION_CONDITIONS = DEBUG;
				SWIFT_OPTIMIZATION_LEVEL = "-Onone";
			};
			name = Debug;
		};
		DD60A1EC2997EE2F005219F4 /* Release */ = {
			isa = XCBuildConfiguration;
			buildSettings = {
				ALWAYS_SEARCH_USER_PATHS = NO;
				CLANG_ANALYZER_LOCALIZABILITY_NONLOCALIZED = YES;
				CLANG_ANALYZER_NONNULL = YES;
				CLANG_ANALYZER_NUMBER_OBJECT_CONVERSION = YES_AGGRESSIVE;
				CLANG_CXX_LANGUAGE_STANDARD = "gnu++20";
				CLANG_ENABLE_MODULES = YES;
				CLANG_ENABLE_OBJC_ARC = YES;
				CLANG_ENABLE_OBJC_WEAK = YES;
				CLANG_WARN_BLOCK_CAPTURE_AUTORELEASING = YES;
				CLANG_WARN_BOOL_CONVERSION = YES;
				CLANG_WARN_COMMA = YES;
				CLANG_WARN_CONSTANT_CONVERSION = YES;
				CLANG_WARN_DEPRECATED_OBJC_IMPLEMENTATIONS = YES;
				CLANG_WARN_DIRECT_OBJC_ISA_USAGE = YES_ERROR;
				CLANG_WARN_DOCUMENTATION_COMMENTS = YES;
				CLANG_WARN_EMPTY_BODY = YES;
				CLANG_WARN_ENUM_CONVERSION = YES;
				CLANG_WARN_INFINITE_RECURSION = YES;
				CLANG_WARN_INT_CONVERSION = YES;
				CLANG_WARN_NON_LITERAL_NULL_CONVERSION = YES;
				CLANG_WARN_OBJC_IMPLICIT_RETAIN_SELF = YES;
				CLANG_WARN_OBJC_LITERAL_CONVERSION = YES;
				CLANG_WARN_OBJC_ROOT_CLASS = YES_ERROR;
				CLANG_WARN_QUOTED_INCLUDE_IN_FRAMEWORK_HEADER = YES;
				CLANG_WARN_RANGE_LOOP_ANALYSIS = YES;
				CLANG_WARN_STRICT_PROTOTYPES = YES;
				CLANG_WARN_SUSPICIOUS_MOVE = YES;
				CLANG_WARN_UNGUARDED_AVAILABILITY = YES_AGGRESSIVE;
				CLANG_WARN_UNREACHABLE_CODE = YES;
				CLANG_WARN__DUPLICATE_METHOD_MATCH = YES;
				COPY_PHASE_STRIP = NO;
				DEBUG_INFORMATION_FORMAT = "dwarf-with-dsym";
				ENABLE_NS_ASSERTIONS = NO;
				ENABLE_STRICT_OBJC_MSGSEND = YES;
				GCC_C_LANGUAGE_STANDARD = gnu11;
				GCC_NO_COMMON_BLOCKS = YES;
				GCC_WARN_64_TO_32_BIT_CONVERSION = YES;
				GCC_WARN_ABOUT_RETURN_TYPE = YES_ERROR;
				GCC_WARN_UNDECLARED_SELECTOR = YES;
				GCC_WARN_UNINITIALIZED_AUTOS = YES_AGGRESSIVE;
				GCC_WARN_UNUSED_FUNCTION = YES;
				GCC_WARN_UNUSED_VARIABLE = YES;
				IPHONEOS_DEPLOYMENT_TARGET = 16.1;
				MTL_ENABLE_DEBUG_INFO = NO;
				MTL_FAST_MATH = YES;
				SDKROOT = iphoneos;
				SWIFT_COMPILATION_MODE = wholemodule;
				SWIFT_OPTIMIZATION_LEVEL = "-O";
				VALIDATE_PRODUCT = YES;
			};
			name = Release;
		};
		DD60A1EE2997EE2F005219F4 /* Debug */ = {
			isa = XCBuildConfiguration;
			buildSettings = {
				ASSETCATALOG_COMPILER_GLOBAL_ACCENT_COLOR_NAME = AccentColor;
				ASSETCATALOG_COMPILER_INCLUDE_ALL_APPICON_ASSETS = NO;
				CODE_SIGN_STYLE = Automatic;
				CURRENT_PROJECT_VERSION = 1;
				DEVELOPMENT_TEAM = 634XQ7A57Z;
				GENERATE_INFOPLIST_FILE = YES;
				INFOPLIST_FILE = Deliverer/Info.plist;
				INFOPLIST_KEY_UIApplicationSupportsIndirectInputEvents = YES;
				INFOPLIST_KEY_UILaunchStoryboardName = Main.storyboard;
				INFOPLIST_KEY_UIMainStoryboardFile = Main;
				INFOPLIST_KEY_UISupportedInterfaceOrientations_iPad = "UIInterfaceOrientationPortrait UIInterfaceOrientationPortraitUpsideDown UIInterfaceOrientationLandscapeLeft UIInterfaceOrientationLandscapeRight";
				INFOPLIST_KEY_UISupportedInterfaceOrientations_iPhone = "UIInterfaceOrientationPortrait UIInterfaceOrientationLandscapeLeft UIInterfaceOrientationLandscapeRight";
				IPHONEOS_DEPLOYMENT_TARGET = 14.0;
				LD_RUNPATH_SEARCH_PATHS = (
					"$(inherited)",
					"@executable_path/Frameworks",
				);
				MARKETING_VERSION = 1.0;
				PRODUCT_BUNDLE_IDENTIFIER = com.esgi.Deliverer;
				PRODUCT_NAME = "$(TARGET_NAME)";
				SUPPORTED_PLATFORMS = "iphoneos iphonesimulator";
				SUPPORTS_MACCATALYST = NO;
				SUPPORTS_MAC_DESIGNED_FOR_IPHONE_IPAD = NO;
				SWIFT_EMIT_LOC_STRINGS = YES;
				SWIFT_VERSION = 5.0;
				TARGETED_DEVICE_FAMILY = 1;
			};
			name = Debug;
		};
		DD60A1EF2997EE2F005219F4 /* Release */ = {
			isa = XCBuildConfiguration;
			buildSettings = {
				ASSETCATALOG_COMPILER_GLOBAL_ACCENT_COLOR_NAME = AccentColor;
				ASSETCATALOG_COMPILER_INCLUDE_ALL_APPICON_ASSETS = NO;
				CODE_SIGN_STYLE = Automatic;
				CURRENT_PROJECT_VERSION = 1;
				DEVELOPMENT_TEAM = 634XQ7A57Z;
				GENERATE_INFOPLIST_FILE = YES;
				INFOPLIST_FILE = Deliverer/Info.plist;
				INFOPLIST_KEY_UIApplicationSupportsIndirectInputEvents = YES;
				INFOPLIST_KEY_UILaunchStoryboardName = Main.storyboard;
				INFOPLIST_KEY_UIMainStoryboardFile = Main;
				INFOPLIST_KEY_UISupportedInterfaceOrientations_iPad = "UIInterfaceOrientationPortrait UIInterfaceOrientationPortraitUpsideDown UIInterfaceOrientationLandscapeLeft UIInterfaceOrientationLandscapeRight";
				INFOPLIST_KEY_UISupportedInterfaceOrientations_iPhone = "UIInterfaceOrientationPortrait UIInterfaceOrientationLandscapeLeft UIInterfaceOrientationLandscapeRight";
				IPHONEOS_DEPLOYMENT_TARGET = 14.0;
				LD_RUNPATH_SEARCH_PATHS = (
					"$(inherited)",
					"@executable_path/Frameworks",
				);
				MARKETING_VERSION = 1.0;
				PRODUCT_BUNDLE_IDENTIFIER = com.esgi.Deliverer;
				PRODUCT_NAME = "$(TARGET_NAME)";
				SUPPORTED_PLATFORMS = "iphoneos iphonesimulator";
				SUPPORTS_MACCATALYST = NO;
				SUPPORTS_MAC_DESIGNED_FOR_IPHONE_IPAD = NO;
				SWIFT_EMIT_LOC_STRINGS = YES;
				SWIFT_VERSION = 5.0;
				TARGETED_DEVICE_FAMILY = 1;
			};
			name = Release;
		};
		DD60A1F12997EE2F005219F4 /* Debug */ = {
			isa = XCBuildConfiguration;
			buildSettings = {
				ALWAYS_EMBED_SWIFT_STANDARD_LIBRARIES = YES;
				BUNDLE_LOADER = "$(TEST_HOST)";
				CODE_SIGN_STYLE = Automatic;
				CURRENT_PROJECT_VERSION = 1;
				DEVELOPMENT_TEAM = 634XQ7A57Z;
				GENERATE_INFOPLIST_FILE = YES;
				IPHONEOS_DEPLOYMENT_TARGET = 16.1;
				MARKETING_VERSION = 1.0;
				PRODUCT_BUNDLE_IDENTIFIER = com.esgi.DelivererTests;
				PRODUCT_NAME = "$(TARGET_NAME)";
				SWIFT_EMIT_LOC_STRINGS = NO;
				SWIFT_VERSION = 5.0;
				TARGETED_DEVICE_FAMILY = "1,2";
				TEST_HOST = "$(BUILT_PRODUCTS_DIR)/Deliverer.app/$(BUNDLE_EXECUTABLE_FOLDER_PATH)/Deliverer";
			};
			name = Debug;
		};
		DD60A1F22997EE2F005219F4 /* Release */ = {
			isa = XCBuildConfiguration;
			buildSettings = {
				ALWAYS_EMBED_SWIFT_STANDARD_LIBRARIES = YES;
				BUNDLE_LOADER = "$(TEST_HOST)";
				CODE_SIGN_STYLE = Automatic;
				CURRENT_PROJECT_VERSION = 1;
				DEVELOPMENT_TEAM = 634XQ7A57Z;
				GENERATE_INFOPLIST_FILE = YES;
				IPHONEOS_DEPLOYMENT_TARGET = 16.1;
				MARKETING_VERSION = 1.0;
				PRODUCT_BUNDLE_IDENTIFIER = com.esgi.DelivererTests;
				PRODUCT_NAME = "$(TARGET_NAME)";
				SWIFT_EMIT_LOC_STRINGS = NO;
				SWIFT_VERSION = 5.0;
				TARGETED_DEVICE_FAMILY = "1,2";
				TEST_HOST = "$(BUILT_PRODUCTS_DIR)/Deliverer.app/$(BUNDLE_EXECUTABLE_FOLDER_PATH)/Deliverer";
			};
			name = Release;
		};
		DD60A1F42997EE2F005219F4 /* Debug */ = {
			isa = XCBuildConfiguration;
			buildSettings = {
				ALWAYS_EMBED_SWIFT_STANDARD_LIBRARIES = YES;
				CODE_SIGN_STYLE = Automatic;
				CURRENT_PROJECT_VERSION = 1;
				DEVELOPMENT_TEAM = 634XQ7A57Z;
				GENERATE_INFOPLIST_FILE = YES;
				MARKETING_VERSION = 1.0;
				PRODUCT_BUNDLE_IDENTIFIER = com.esgi.DelivererUITests;
				PRODUCT_NAME = "$(TARGET_NAME)";
				SWIFT_EMIT_LOC_STRINGS = NO;
				SWIFT_VERSION = 5.0;
				TARGETED_DEVICE_FAMILY = "1,2";
				TEST_TARGET_NAME = Deliverer;
			};
			name = Debug;
		};
		DD60A1F52997EE2F005219F4 /* Release */ = {
			isa = XCBuildConfiguration;
			buildSettings = {
				ALWAYS_EMBED_SWIFT_STANDARD_LIBRARIES = YES;
				CODE_SIGN_STYLE = Automatic;
				CURRENT_PROJECT_VERSION = 1;
				DEVELOPMENT_TEAM = 634XQ7A57Z;
				GENERATE_INFOPLIST_FILE = YES;
				MARKETING_VERSION = 1.0;
				PRODUCT_BUNDLE_IDENTIFIER = com.esgi.DelivererUITests;
				PRODUCT_NAME = "$(TARGET_NAME)";
				SWIFT_EMIT_LOC_STRINGS = NO;
				SWIFT_VERSION = 5.0;
				TARGETED_DEVICE_FAMILY = "1,2";
				TEST_TARGET_NAME = Deliverer;
			};
			name = Release;
		};
/* End XCBuildConfiguration section */

/* Begin XCConfigurationList section */
		DD60A1BE2997EE2D005219F4 /* Build configuration list for PBXProject "Deliverer" */ = {
			isa = XCConfigurationList;
			buildConfigurations = (
				DD60A1EB2997EE2F005219F4 /* Debug */,
				DD60A1EC2997EE2F005219F4 /* Release */,
			);
			defaultConfigurationIsVisible = 0;
			defaultConfigurationName = Release;
		};
		DD60A1ED2997EE2F005219F4 /* Build configuration list for PBXNativeTarget "Deliverer" */ = {
			isa = XCConfigurationList;
			buildConfigurations = (
				DD60A1EE2997EE2F005219F4 /* Debug */,
				DD60A1EF2997EE2F005219F4 /* Release */,
			);
			defaultConfigurationIsVisible = 0;
			defaultConfigurationName = Release;
		};
		DD60A1F02997EE2F005219F4 /* Build configuration list for PBXNativeTarget "DelivererTests" */ = {
			isa = XCConfigurationList;
			buildConfigurations = (
				DD60A1F12997EE2F005219F4 /* Debug */,
				DD60A1F22997EE2F005219F4 /* Release */,
			);
			defaultConfigurationIsVisible = 0;
			defaultConfigurationName = Release;
		};
		DD60A1F32997EE2F005219F4 /* Build configuration list for PBXNativeTarget "DelivererUITests" */ = {
			isa = XCConfigurationList;
			buildConfigurations = (
				DD60A1F42997EE2F005219F4 /* Debug */,
				DD60A1F52997EE2F005219F4 /* Release */,
			);
			defaultConfigurationIsVisible = 0;
			defaultConfigurationName = Release;
		};
/* End XCConfigurationList section */
	};
	rootObject = DD60A1BB2997EE2D005219F4 /* Project object */;
}
