// !$*UTF8*$!
{
	archiveVersion = 1;
	classes = {
	};
	objectVersion = 56;
	objects = {

/* Begin PBXBuildFile section */
		DD98C9D92996F2B1000A4907 /* AppDelegate.swift in Sources */ = {isa = PBXBuildFile; fileRef = DD98C9D82996F2B1000A4907 /* AppDelegate.swift */; };
		DD98C9DB2996F2B1000A4907 /* SceneDelegate.swift in Sources */ = {isa = PBXBuildFile; fileRef = DD98C9DA2996F2B1000A4907 /* SceneDelegate.swift */; };
		DD98C9DD2996F2B1000A4907 /* ViewController.swift in Sources */ = {isa = PBXBuildFile; fileRef = DD98C9DC2996F2B1000A4907 /* ViewController.swift */; };
		DD98C9E02996F2B1000A4907 /* Main.storyboard in Resources */ = {isa = PBXBuildFile; fileRef = DD98C9DE2996F2B1000A4907 /* Main.storyboard */; };
		DD98C9E22996F2B3000A4907 /* Assets.xcassets in Resources */ = {isa = PBXBuildFile; fileRef = DD98C9E12996F2B3000A4907 /* Assets.xcassets */; };
		DD98C9E52996F2B3000A4907 /* LaunchScreen.storyboard in Resources */ = {isa = PBXBuildFile; fileRef = DD98C9E32996F2B3000A4907 /* LaunchScreen.storyboard */; };
		DD98C9F02996F2B3000A4907 /* DelivererTests.swift in Sources */ = {isa = PBXBuildFile; fileRef = DD98C9EF2996F2B3000A4907 /* DelivererTests.swift */; };
		DD98C9FA2996F2B3000A4907 /* DelivererUITests.swift in Sources */ = {isa = PBXBuildFile; fileRef = DD98C9F92996F2B3000A4907 /* DelivererUITests.swift */; };
		DD98C9FC2996F2B3000A4907 /* DelivererUITestsLaunchTests.swift in Sources */ = {isa = PBXBuildFile; fileRef = DD98C9FB2996F2B3000A4907 /* DelivererUITestsLaunchTests.swift */; };
/* End PBXBuildFile section */

/* Begin PBXContainerItemProxy section */
		DD98C9EC2996F2B3000A4907 /* PBXContainerItemProxy */ = {
			isa = PBXContainerItemProxy;
			containerPortal = DD98C9CD2996F2B1000A4907 /* Project object */;
			proxyType = 1;
			remoteGlobalIDString = DD98C9D42996F2B1000A4907;
			remoteInfo = Deliverer;
		};
		DD98C9F62996F2B3000A4907 /* PBXContainerItemProxy */ = {
			isa = PBXContainerItemProxy;
			containerPortal = DD98C9CD2996F2B1000A4907 /* Project object */;
			proxyType = 1;
			remoteGlobalIDString = DD98C9D42996F2B1000A4907;
			remoteInfo = Deliverer;
		};
/* End PBXContainerItemProxy section */

/* Begin PBXFileReference section */
		DD98C9D52996F2B1000A4907 /* Deliverer.app */ = {isa = PBXFileReference; explicitFileType = wrapper.application; includeInIndex = 0; path = Deliverer.app; sourceTree = BUILT_PRODUCTS_DIR; };
		DD98C9D82996F2B1000A4907 /* AppDelegate.swift */ = {isa = PBXFileReference; lastKnownFileType = sourcecode.swift; path = AppDelegate.swift; sourceTree = "<group>"; };
		DD98C9DA2996F2B1000A4907 /* SceneDelegate.swift */ = {isa = PBXFileReference; lastKnownFileType = sourcecode.swift; path = SceneDelegate.swift; sourceTree = "<group>"; };
		DD98C9DC2996F2B1000A4907 /* ViewController.swift */ = {isa = PBXFileReference; lastKnownFileType = sourcecode.swift; path = ViewController.swift; sourceTree = "<group>"; };
		DD98C9DF2996F2B1000A4907 /* Base */ = {isa = PBXFileReference; lastKnownFileType = file.storyboard; name = Base; path = Base.lproj/Main.storyboard; sourceTree = "<group>"; };
		DD98C9E12996F2B3000A4907 /* Assets.xcassets */ = {isa = PBXFileReference; lastKnownFileType = folder.assetcatalog; path = Assets.xcassets; sourceTree = "<group>"; };
		DD98C9E42996F2B3000A4907 /* Base */ = {isa = PBXFileReference; lastKnownFileType = file.storyboard; name = Base; path = Base.lproj/LaunchScreen.storyboard; sourceTree = "<group>"; };
		DD98C9E62996F2B3000A4907 /* Info.plist */ = {isa = PBXFileReference; lastKnownFileType = text.plist.xml; path = Info.plist; sourceTree = "<group>"; };
		DD98C9EB2996F2B3000A4907 /* DelivererTests.xctest */ = {isa = PBXFileReference; explicitFileType = wrapper.cfbundle; includeInIndex = 0; path = DelivererTests.xctest; sourceTree = BUILT_PRODUCTS_DIR; };
		DD98C9EF2996F2B3000A4907 /* DelivererTests.swift */ = {isa = PBXFileReference; lastKnownFileType = sourcecode.swift; path = DelivererTests.swift; sourceTree = "<group>"; };
		DD98C9F52996F2B3000A4907 /* DelivererUITests.xctest */ = {isa = PBXFileReference; explicitFileType = wrapper.cfbundle; includeInIndex = 0; path = DelivererUITests.xctest; sourceTree = BUILT_PRODUCTS_DIR; };
		DD98C9F92996F2B3000A4907 /* DelivererUITests.swift */ = {isa = PBXFileReference; lastKnownFileType = sourcecode.swift; path = DelivererUITests.swift; sourceTree = "<group>"; };
		DD98C9FB2996F2B3000A4907 /* DelivererUITestsLaunchTests.swift */ = {isa = PBXFileReference; lastKnownFileType = sourcecode.swift; path = DelivererUITestsLaunchTests.swift; sourceTree = "<group>"; };
/* End PBXFileReference section */

/* Begin PBXFrameworksBuildPhase section */
		DD98C9D22996F2B1000A4907 /* Frameworks */ = {
			isa = PBXFrameworksBuildPhase;
			buildActionMask = 2147483647;
			files = (
			);
			runOnlyForDeploymentPostprocessing = 0;
		};
		DD98C9E82996F2B3000A4907 /* Frameworks */ = {
			isa = PBXFrameworksBuildPhase;
			buildActionMask = 2147483647;
			files = (
			);
			runOnlyForDeploymentPostprocessing = 0;
		};
		DD98C9F22996F2B3000A4907 /* Frameworks */ = {
			isa = PBXFrameworksBuildPhase;
			buildActionMask = 2147483647;
			files = (
			);
			runOnlyForDeploymentPostprocessing = 0;
		};
/* End PBXFrameworksBuildPhase section */

/* Begin PBXGroup section */
		DD98C9CC2996F2B1000A4907 = {
			isa = PBXGroup;
			children = (
				DD98C9D72996F2B1000A4907 /* Deliverer */,
				DD98C9EE2996F2B3000A4907 /* DelivererTests */,
				DD98C9F82996F2B3000A4907 /* DelivererUITests */,
				DD98C9D62996F2B1000A4907 /* Products */,
			);
			sourceTree = "<group>";
		};
		DD98C9D62996F2B1000A4907 /* Products */ = {
			isa = PBXGroup;
			children = (
				DD98C9D52996F2B1000A4907 /* Deliverer.app */,
				DD98C9EB2996F2B3000A4907 /* DelivererTests.xctest */,
				DD98C9F52996F2B3000A4907 /* DelivererUITests.xctest */,
			);
			name = Products;
			sourceTree = "<group>";
		};
		DD98C9D72996F2B1000A4907 /* Deliverer */ = {
			isa = PBXGroup;
			children = (
				DD98C9D82996F2B1000A4907 /* AppDelegate.swift */,
				DD98C9DA2996F2B1000A4907 /* SceneDelegate.swift */,
				DD98C9DC2996F2B1000A4907 /* ViewController.swift */,
				DD98C9DE2996F2B1000A4907 /* Main.storyboard */,
				DD98C9E12996F2B3000A4907 /* Assets.xcassets */,
				DD98C9E32996F2B3000A4907 /* LaunchScreen.storyboard */,
				DD98C9E62996F2B3000A4907 /* Info.plist */,
			);
			path = Deliverer;
			sourceTree = "<group>";
		};
		DD98C9EE2996F2B3000A4907 /* DelivererTests */ = {
			isa = PBXGroup;
			children = (
				DD98C9EF2996F2B3000A4907 /* DelivererTests.swift */,
			);
			path = DelivererTests;
			sourceTree = "<group>";
		};
		DD98C9F82996F2B3000A4907 /* DelivererUITests */ = {
			isa = PBXGroup;
			children = (
				DD98C9F92996F2B3000A4907 /* DelivererUITests.swift */,
				DD98C9FB2996F2B3000A4907 /* DelivererUITestsLaunchTests.swift */,
			);
			path = DelivererUITests;
			sourceTree = "<group>";
		};
/* End PBXGroup section */

/* Begin PBXNativeTarget section */
		DD98C9D42996F2B1000A4907 /* Deliverer */ = {
			isa = PBXNativeTarget;
			buildConfigurationList = DD98C9FF2996F2B3000A4907 /* Build configuration list for PBXNativeTarget "Deliverer" */;
			buildPhases = (
				DD98C9D12996F2B1000A4907 /* Sources */,
				DD98C9D22996F2B1000A4907 /* Frameworks */,
				DD98C9D32996F2B1000A4907 /* Resources */,
			);
			buildRules = (
			);
			dependencies = (
			);
			name = Deliverer;
			productName = Deliverer;
			productReference = DD98C9D52996F2B1000A4907 /* Deliverer.app */;
			productType = "com.apple.product-type.application";
		};
		DD98C9EA2996F2B3000A4907 /* DelivererTests */ = {
			isa = PBXNativeTarget;
			buildConfigurationList = DD98CA022996F2B3000A4907 /* Build configuration list for PBXNativeTarget "DelivererTests" */;
			buildPhases = (
				DD98C9E72996F2B3000A4907 /* Sources */,
				DD98C9E82996F2B3000A4907 /* Frameworks */,
				DD98C9E92996F2B3000A4907 /* Resources */,
			);
			buildRules = (
			);
			dependencies = (
				DD98C9ED2996F2B3000A4907 /* PBXTargetDependency */,
			);
			name = DelivererTests;
			productName = DelivererTests;
			productReference = DD98C9EB2996F2B3000A4907 /* DelivererTests.xctest */;
			productType = "com.apple.product-type.bundle.unit-test";
		};
		DD98C9F42996F2B3000A4907 /* DelivererUITests */ = {
			isa = PBXNativeTarget;
			buildConfigurationList = DD98CA052996F2B3000A4907 /* Build configuration list for PBXNativeTarget "DelivererUITests" */;
			buildPhases = (
				DD98C9F12996F2B3000A4907 /* Sources */,
				DD98C9F22996F2B3000A4907 /* Frameworks */,
				DD98C9F32996F2B3000A4907 /* Resources */,
			);
			buildRules = (
			);
			dependencies = (
				DD98C9F72996F2B3000A4907 /* PBXTargetDependency */,
			);
			name = DelivererUITests;
			productName = DelivererUITests;
			productReference = DD98C9F52996F2B3000A4907 /* DelivererUITests.xctest */;
			productType = "com.apple.product-type.bundle.ui-testing";
		};
/* End PBXNativeTarget section */

/* Begin PBXProject section */
		DD98C9CD2996F2B1000A4907 /* Project object */ = {
			isa = PBXProject;
			attributes = {
				BuildIndependentTargetsInParallel = 1;
				LastSwiftUpdateCheck = 1410;
				LastUpgradeCheck = 1410;
				TargetAttributes = {
					DD98C9D42996F2B1000A4907 = {
						CreatedOnToolsVersion = 14.1;
					};
					DD98C9EA2996F2B3000A4907 = {
						CreatedOnToolsVersion = 14.1;
						TestTargetID = DD98C9D42996F2B1000A4907;
					};
					DD98C9F42996F2B3000A4907 = {
						CreatedOnToolsVersion = 14.1;
						TestTargetID = DD98C9D42996F2B1000A4907;
					};
				};
			};
			buildConfigurationList = DD98C9D02996F2B1000A4907 /* Build configuration list for PBXProject "Deliverer" */;
			compatibilityVersion = "Xcode 14.0";
			developmentRegion = en;
			hasScannedForEncodings = 0;
			knownRegions = (
				en,
				Base,
			);
			mainGroup = DD98C9CC2996F2B1000A4907;
			productRefGroup = DD98C9D62996F2B1000A4907 /* Products */;
			projectDirPath = "";
			projectRoot = "";
			targets = (
				DD98C9D42996F2B1000A4907 /* Deliverer */,
				DD98C9EA2996F2B3000A4907 /* DelivererTests */,
				DD98C9F42996F2B3000A4907 /* DelivererUITests */,
			);
		};
/* End PBXProject section */

/* Begin PBXResourcesBuildPhase section */
		DD98C9D32996F2B1000A4907 /* Resources */ = {
			isa = PBXResourcesBuildPhase;
			buildActionMask = 2147483647;
			files = (
				DD98C9E52996F2B3000A4907 /* LaunchScreen.storyboard in Resources */,
				DD98C9E22996F2B3000A4907 /* Assets.xcassets in Resources */,
				DD98C9E02996F2B1000A4907 /* Main.storyboard in Resources */,
			);
			runOnlyForDeploymentPostprocessing = 0;
		};
		DD98C9E92996F2B3000A4907 /* Resources */ = {
			isa = PBXResourcesBuildPhase;
			buildActionMask = 2147483647;
			files = (
			);
			runOnlyForDeploymentPostprocessing = 0;
		};
		DD98C9F32996F2B3000A4907 /* Resources */ = {
			isa = PBXResourcesBuildPhase;
			buildActionMask = 2147483647;
			files = (
			);
			runOnlyForDeploymentPostprocessing = 0;
		};
/* End PBXResourcesBuildPhase section */

/* Begin PBXSourcesBuildPhase section */
		DD98C9D12996F2B1000A4907 /* Sources */ = {
			isa = PBXSourcesBuildPhase;
			buildActionMask = 2147483647;
			files = (
				DD98C9DD2996F2B1000A4907 /* ViewController.swift in Sources */,
				DD98C9D92996F2B1000A4907 /* AppDelegate.swift in Sources */,
				DD98C9DB2996F2B1000A4907 /* SceneDelegate.swift in Sources */,
			);
			runOnlyForDeploymentPostprocessing = 0;
		};
		DD98C9E72996F2B3000A4907 /* Sources */ = {
			isa = PBXSourcesBuildPhase;
			buildActionMask = 2147483647;
			files = (
				DD98C9F02996F2B3000A4907 /* DelivererTests.swift in Sources */,
			);
			runOnlyForDeploymentPostprocessing = 0;
		};
		DD98C9F12996F2B3000A4907 /* Sources */ = {
			isa = PBXSourcesBuildPhase;
			buildActionMask = 2147483647;
			files = (
				DD98C9FA2996F2B3000A4907 /* DelivererUITests.swift in Sources */,
				DD98C9FC2996F2B3000A4907 /* DelivererUITestsLaunchTests.swift in Sources */,
			);
			runOnlyForDeploymentPostprocessing = 0;
		};
/* End PBXSourcesBuildPhase section */

/* Begin PBXTargetDependency section */
		DD98C9ED2996F2B3000A4907 /* PBXTargetDependency */ = {
			isa = PBXTargetDependency;
			target = DD98C9D42996F2B1000A4907 /* Deliverer */;
			targetProxy = DD98C9EC2996F2B3000A4907 /* PBXContainerItemProxy */;
		};
		DD98C9F72996F2B3000A4907 /* PBXTargetDependency */ = {
			isa = PBXTargetDependency;
			target = DD98C9D42996F2B1000A4907 /* Deliverer */;
			targetProxy = DD98C9F62996F2B3000A4907 /* PBXContainerItemProxy */;
		};
/* End PBXTargetDependency section */

/* Begin PBXVariantGroup section */
		DD98C9DE2996F2B1000A4907 /* Main.storyboard */ = {
			isa = PBXVariantGroup;
			children = (
				DD98C9DF2996F2B1000A4907 /* Base */,
			);
			name = Main.storyboard;
			sourceTree = "<group>";
		};
		DD98C9E32996F2B3000A4907 /* LaunchScreen.storyboard */ = {
			isa = PBXVariantGroup;
			children = (
				DD98C9E42996F2B3000A4907 /* Base */,
			);
			name = LaunchScreen.storyboard;
			sourceTree = "<group>";
		};
/* End PBXVariantGroup section */

/* Begin XCBuildConfiguration section */
		DD98C9FD2996F2B3000A4907 /* Debug */ = {
			isa = XCBuildConfiguration;
			buildSettings = {
				ALWAYS_SEARCH_USER_PATHS = NO;
				CLANG_ANALYZER_NONNULL = YES;
				CLANG_ANALYZER_NUMBER_OBJECT_CONVERSION = YES_AGGRESSIVE;
				CLANG_CXX_LANGUAGE_STANDARD = "gnu++20";
				CLANG_ENABLE_MODULES = YES;
				CLANG_ENABLE_OBJC_ARC = YES;
				CLANG_ENABLE_OBJC_WEAK = YES;
				CLANG_WARN_BLOCK_CAPTURE_AUTORELEASING = YES;
				CLANG_WARN_BOOL_CONVERSION = YES;
				CLANG_WARN_COMMA = YES;
				CLANG_WARN_CONSTANT_CONVERSION = YES;
				CLANG_WARN_DEPRECATED_OBJC_IMPLEMENTATIONS = YES;
				CLANG_WARN_DIRECT_OBJC_ISA_USAGE = YES_ERROR;
				CLANG_WARN_DOCUMENTATION_COMMENTS = YES;
				CLANG_WARN_EMPTY_BODY = YES;
				CLANG_WARN_ENUM_CONVERSION = YES;
				CLANG_WARN_INFINITE_RECURSION = YES;
				CLANG_WARN_INT_CONVERSION = YES;
				CLANG_WARN_NON_LITERAL_NULL_CONVERSION = YES;
				CLANG_WARN_OBJC_IMPLICIT_RETAIN_SELF = YES;
				CLANG_WARN_OBJC_LITERAL_CONVERSION = YES;
				CLANG_WARN_OBJC_ROOT_CLASS = YES_ERROR;
				CLANG_WARN_QUOTED_INCLUDE_IN_FRAMEWORK_HEADER = YES;
				CLANG_WARN_RANGE_LOOP_ANALYSIS = YES;
				CLANG_WARN_STRICT_PROTOTYPES = YES;
				CLANG_WARN_SUSPICIOUS_MOVE = YES;
				CLANG_WARN_UNGUARDED_AVAILABILITY = YES_AGGRESSIVE;
				CLANG_WARN_UNREACHABLE_CODE = YES;
				CLANG_WARN__DUPLICATE_METHOD_MATCH = YES;
				COPY_PHASE_STRIP = NO;
				DEBUG_INFORMATION_FORMAT = dwarf;
				ENABLE_STRICT_OBJC_MSGSEND = YES;
				ENABLE_TESTABILITY = YES;
				GCC_C_LANGUAGE_STANDARD = gnu11;
				GCC_DYNAMIC_NO_PIC = NO;
				GCC_NO_COMMON_BLOCKS = YES;
				GCC_OPTIMIZATION_LEVEL = 0;
				GCC_PREPROCESSOR_DEFINITIONS = (
					"DEBUG=1",
					"$(inherited)",
				);
				GCC_WARN_64_TO_32_BIT_CONVERSION = YES;
				GCC_WARN_ABOUT_RETURN_TYPE = YES_ERROR;
				GCC_WARN_UNDECLARED_SELECTOR = YES;
				GCC_WARN_UNINITIALIZED_AUTOS = YES_AGGRESSIVE;
				GCC_WARN_UNUSED_FUNCTION = YES;
				GCC_WARN_UNUSED_VARIABLE = YES;
				IPHONEOS_DEPLOYMENT_TARGET = 16.1;
				MTL_ENABLE_DEBUG_INFO = INCLUDE_SOURCE;
				MTL_FAST_MATH = YES;
				ONLY_ACTIVE_ARCH = YES;
				SDKROOT = iphoneos;
				SWIFT_ACTIVE_COMPILATION_CONDITIONS = DEBUG;
				SWIFT_OPTIMIZATION_LEVEL = "-Onone";
			};
			name = Debug;
		};
		DD98C9FE2996F2B3000A4907 /* Release */ = {
			isa = XCBuildConfiguration;
			buildSettings = {
				ALWAYS_SEARCH_USER_PATHS = NO;
				CLANG_ANALYZER_NONNULL = YES;
				CLANG_ANALYZER_NUMBER_OBJECT_CONVERSION = YES_AGGRESSIVE;
				CLANG_CXX_LANGUAGE_STANDARD = "gnu++20";
				CLANG_ENABLE_MODULES = YES;
				CLANG_ENABLE_OBJC_ARC = YES;
				CLANG_ENABLE_OBJC_WEAK = YES;
				CLANG_WARN_BLOCK_CAPTURE_AUTORELEASING = YES;
				CLANG_WARN_BOOL_CONVERSION = YES;
				CLANG_WARN_COMMA = YES;
				CLANG_WARN_CONSTANT_CONVERSION = YES;
				CLANG_WARN_DEPRECATED_OBJC_IMPLEMENTATIONS = YES;
				CLANG_WARN_DIRECT_OBJC_ISA_USAGE = YES_ERROR;
				CLANG_WARN_DOCUMENTATION_COMMENTS = YES;
				CLANG_WARN_EMPTY_BODY = YES;
				CLANG_WARN_ENUM_CONVERSION = YES;
				CLANG_WARN_INFINITE_RECURSION = YES;
				CLANG_WARN_INT_CONVERSION = YES;
				CLANG_WARN_NON_LITERAL_NULL_CONVERSION = YES;
				CLANG_WARN_OBJC_IMPLICIT_RETAIN_SELF = YES;
				CLANG_WARN_OBJC_LITERAL_CONVERSION = YES;
				CLANG_WARN_OBJC_ROOT_CLASS = YES_ERROR;
				CLANG_WARN_QUOTED_INCLUDE_IN_FRAMEWORK_HEADER = YES;
				CLANG_WARN_RANGE_LOOP_ANALYSIS = YES;
				CLANG_WARN_STRICT_PROTOTYPES = YES;
				CLANG_WARN_SUSPICIOUS_MOVE = YES;
				CLANG_WARN_UNGUARDED_AVAILABILITY = YES_AGGRESSIVE;
				CLANG_WARN_UNREACHABLE_CODE = YES;
				CLANG_WARN__DUPLICATE_METHOD_MATCH = YES;
				COPY_PHASE_STRIP = NO;
				DEBUG_INFORMATION_FORMAT = "dwarf-with-dsym";
				ENABLE_NS_ASSERTIONS = NO;
				ENABLE_STRICT_OBJC_MSGSEND = YES;
				GCC_C_LANGUAGE_STANDARD = gnu11;
				GCC_NO_COMMON_BLOCKS = YES;
				GCC_WARN_64_TO_32_BIT_CONVERSION = YES;
				GCC_WARN_ABOUT_RETURN_TYPE = YES_ERROR;
				GCC_WARN_UNDECLARED_SELECTOR = YES;
				GCC_WARN_UNINITIALIZED_AUTOS = YES_AGGRESSIVE;
				GCC_WARN_UNUSED_FUNCTION = YES;
				GCC_WARN_UNUSED_VARIABLE = YES;
				IPHONEOS_DEPLOYMENT_TARGET = 16.1;
				MTL_ENABLE_DEBUG_INFO = NO;
				MTL_FAST_MATH = YES;
				SDKROOT = iphoneos;
				SWIFT_COMPILATION_MODE = wholemodule;
				SWIFT_OPTIMIZATION_LEVEL = "-O";
				VALIDATE_PRODUCT = YES;
			};
			name = Release;
		};
		DD98CA002996F2B3000A4907 /* Debug */ = {
			isa = XCBuildConfiguration;
			buildSettings = {
				ASSETCATALOG_COMPILER_APPICON_NAME = AppIcon;
				ASSETCATALOG_COMPILER_GLOBAL_ACCENT_COLOR_NAME = AccentColor;
				CODE_SIGN_STYLE = Automatic;
				CURRENT_PROJECT_VERSION = 1;
				DEVELOPMENT_TEAM = 634XQ7A57Z;
				GENERATE_INFOPLIST_FILE = YES;
				INFOPLIST_FILE = Deliverer/Info.plist;
				INFOPLIST_KEY_UIApplicationSupportsIndirectInputEvents = YES;
				INFOPLIST_KEY_UILaunchStoryboardName = LaunchScreen;
				INFOPLIST_KEY_UIMainStoryboardFile = Main;
				INFOPLIST_KEY_UISupportedInterfaceOrientations_iPad = "UIInterfaceOrientationPortrait UIInterfaceOrientationPortraitUpsideDown UIInterfaceOrientationLandscapeLeft UIInterfaceOrientationLandscapeRight";
				INFOPLIST_KEY_UISupportedInterfaceOrientations_iPhone = "UIInterfaceOrientationPortrait UIInterfaceOrientationLandscapeLeft UIInterfaceOrientationLandscapeRight";
				LD_RUNPATH_SEARCH_PATHS = (
					"$(inherited)",
					"@executable_path/Frameworks",
				);
				MARKETING_VERSION = 1.0;
				PRODUCT_BUNDLE_IDENTIFIER = com.esgi.Deliverer;
				PRODUCT_NAME = "$(TARGET_NAME)";
				SWIFT_EMIT_LOC_STRINGS = YES;
				SWIFT_VERSION = 5.0;
				TARGETED_DEVICE_FAMILY = "1,2";
			};
			name = Debug;
		};
		DD98CA012996F2B3000A4907 /* Release */ = {
			isa = XCBuildConfiguration;
			buildSettings = {
				ASSETCATALOG_COMPILER_APPICON_NAME = AppIcon;
				ASSETCATALOG_COMPILER_GLOBAL_ACCENT_COLOR_NAME = AccentColor;
				CODE_SIGN_STYLE = Automatic;
				CURRENT_PROJECT_VERSION = 1;
				DEVELOPMENT_TEAM = 634XQ7A57Z;
				GENERATE_INFOPLIST_FILE = YES;
				INFOPLIST_FILE = Deliverer/Info.plist;
				INFOPLIST_KEY_UIApplicationSupportsIndirectInputEvents = YES;
				INFOPLIST_KEY_UILaunchStoryboardName = LaunchScreen;
				INFOPLIST_KEY_UIMainStoryboardFile = Main;
				INFOPLIST_KEY_UISupportedInterfaceOrientations_iPad = "UIInterfaceOrientationPortrait UIInterfaceOrientationPortraitUpsideDown UIInterfaceOrientationLandscapeLeft UIInterfaceOrientationLandscapeRight";
				INFOPLIST_KEY_UISupportedInterfaceOrientations_iPhone = "UIInterfaceOrientationPortrait UIInterfaceOrientationLandscapeLeft UIInterfaceOrientationLandscapeRight";
				LD_RUNPATH_SEARCH_PATHS = (
					"$(inherited)",
					"@executable_path/Frameworks",
				);
				MARKETING_VERSION = 1.0;
				PRODUCT_BUNDLE_IDENTIFIER = com.esgi.Deliverer;
				PRODUCT_NAME = "$(TARGET_NAME)";
				SWIFT_EMIT_LOC_STRINGS = YES;
				SWIFT_VERSION = 5.0;
				TARGETED_DEVICE_FAMILY = "1,2";
			};
			name = Release;
		};
		DD98CA032996F2B3000A4907 /* Debug */ = {
			isa = XCBuildConfiguration;
			buildSettings = {
				ALWAYS_EMBED_SWIFT_STANDARD_LIBRARIES = YES;
				BUNDLE_LOADER = "$(TEST_HOST)";
				CODE_SIGN_STYLE = Automatic;
				CURRENT_PROJECT_VERSION = 1;
				DEVELOPMENT_TEAM = 634XQ7A57Z;
				GENERATE_INFOPLIST_FILE = YES;
				IPHONEOS_DEPLOYMENT_TARGET = 16.1;
				MARKETING_VERSION = 1.0;
				PRODUCT_BUNDLE_IDENTIFIER = com.esgi.DelivererTests;
				PRODUCT_NAME = "$(TARGET_NAME)";
				SWIFT_EMIT_LOC_STRINGS = NO;
				SWIFT_VERSION = 5.0;
				TARGETED_DEVICE_FAMILY = "1,2";
				TEST_HOST = "$(BUILT_PRODUCTS_DIR)/Deliverer.app/$(BUNDLE_EXECUTABLE_FOLDER_PATH)/Deliverer";
			};
			name = Debug;
		};
		DD98CA042996F2B3000A4907 /* Release */ = {
			isa = XCBuildConfiguration;
			buildSettings = {
				ALWAYS_EMBED_SWIFT_STANDARD_LIBRARIES = YES;
				BUNDLE_LOADER = "$(TEST_HOST)";
				CODE_SIGN_STYLE = Automatic;
				CURRENT_PROJECT_VERSION = 1;
				DEVELOPMENT_TEAM = 634XQ7A57Z;
				GENERATE_INFOPLIST_FILE = YES;
				IPHONEOS_DEPLOYMENT_TARGET = 16.1;
				MARKETING_VERSION = 1.0;
				PRODUCT_BUNDLE_IDENTIFIER = com.esgi.DelivererTests;
				PRODUCT_NAME = "$(TARGET_NAME)";
				SWIFT_EMIT_LOC_STRINGS = NO;
				SWIFT_VERSION = 5.0;
				TARGETED_DEVICE_FAMILY = "1,2";
				TEST_HOST = "$(BUILT_PRODUCTS_DIR)/Deliverer.app/$(BUNDLE_EXECUTABLE_FOLDER_PATH)/Deliverer";
			};
			name = Release;
		};
		DD98CA062996F2B3000A4907 /* Debug */ = {
			isa = XCBuildConfiguration;
			buildSettings = {
				ALWAYS_EMBED_SWIFT_STANDARD_LIBRARIES = YES;
				CODE_SIGN_STYLE = Automatic;
				CURRENT_PROJECT_VERSION = 1;
				DEVELOPMENT_TEAM = 634XQ7A57Z;
				GENERATE_INFOPLIST_FILE = YES;
				MARKETING_VERSION = 1.0;
				PRODUCT_BUNDLE_IDENTIFIER = com.esgi.DelivererUITests;
				PRODUCT_NAME = "$(TARGET_NAME)";
				SWIFT_EMIT_LOC_STRINGS = NO;
				SWIFT_VERSION = 5.0;
				TARGETED_DEVICE_FAMILY = "1,2";
				TEST_TARGET_NAME = Deliverer;
			};
			name = Debug;
		};
		DD98CA072996F2B3000A4907 /* Release */ = {
			isa = XCBuildConfiguration;
			buildSettings = {
				ALWAYS_EMBED_SWIFT_STANDARD_LIBRARIES = YES;
				CODE_SIGN_STYLE = Automatic;
				CURRENT_PROJECT_VERSION = 1;
				DEVELOPMENT_TEAM = 634XQ7A57Z;
				GENERATE_INFOPLIST_FILE = YES;
				MARKETING_VERSION = 1.0;
				PRODUCT_BUNDLE_IDENTIFIER = com.esgi.DelivererUITests;
				PRODUCT_NAME = "$(TARGET_NAME)";
				SWIFT_EMIT_LOC_STRINGS = NO;
				SWIFT_VERSION = 5.0;
				TARGETED_DEVICE_FAMILY = "1,2";
				TEST_TARGET_NAME = Deliverer;
			};
			name = Release;
		};
/* End XCBuildConfiguration section */

/* Begin XCConfigurationList section */
		DD98C9D02996F2B1000A4907 /* Build configuration list for PBXProject "Deliverer" */ = {
			isa = XCConfigurationList;
			buildConfigurations = (
				DD98C9FD2996F2B3000A4907 /* Debug */,
				DD98C9FE2996F2B3000A4907 /* Release */,
			);
			defaultConfigurationIsVisible = 0;
			defaultConfigurationName = Release;
		};
		DD98C9FF2996F2B3000A4907 /* Build configuration list for PBXNativeTarget "Deliverer" */ = {
			isa = XCConfigurationList;
			buildConfigurations = (
				DD98CA002996F2B3000A4907 /* Debug */,
				DD98CA012996F2B3000A4907 /* Release */,
			);
			defaultConfigurationIsVisible = 0;
			defaultConfigurationName = Release;
		};
		DD98CA022996F2B3000A4907 /* Build configuration list for PBXNativeTarget "DelivererTests" */ = {
			isa = XCConfigurationList;
			buildConfigurations = (
				DD98CA032996F2B3000A4907 /* Debug */,
				DD98CA042996F2B3000A4907 /* Release */,
			);
			defaultConfigurationIsVisible = 0;
			defaultConfigurationName = Release;
		};
		DD98CA052996F2B3000A4907 /* Build configuration list for PBXNativeTarget "DelivererUITests" */ = {
			isa = XCConfigurationList;
			buildConfigurations = (
				DD98CA062996F2B3000A4907 /* Debug */,
				DD98CA072996F2B3000A4907 /* Release */,
			);
			defaultConfigurationIsVisible = 0;
			defaultConfigurationName = Release;
		};
/* End XCConfigurationList section */
	};
	rootObject = DD98C9CD2996F2B1000A4907 /* Project object */;
}
