// !$*UTF8*$!
{
	archiveVersion = 1;
	classes = {
	};
	objectVersion = 55;
	objects = {

/* Begin PBXBuildFile section */
		434599D729AB6C0F002E4297 /* ManageDeliverer.swift in Sources */ = {isa = PBXBuildFile; fileRef = 434599D629AB6C0E002E4297 /* ManageDeliverer.swift */; };
		437324EF29A6A00400AA3214 /* HomeViewController.swift in Sources */ = {isa = PBXBuildFile; fileRef = 437324ED29A6A00400AA3214 /* HomeViewController.swift */; };
		437324F029A6A00400AA3214 /* HomeViewController.xib in Resources */ = {isa = PBXBuildFile; fileRef = 437324EE29A6A00400AA3214 /* HomeViewController.xib */; };
		437324F629A6A2A200AA3214 /* APISevice.swift in Sources */ = {isa = PBXBuildFile; fileRef = 437324F529A6A2A200AA3214 /* APISevice.swift */; };
		437324F829A76DF900AA3214 /* LoginDataModel.swift in Sources */ = {isa = PBXBuildFile; fileRef = 437324F729A76DF800AA3214 /* LoginDataModel.swift */; };
		437324FA29A7710B00AA3214 /* ManageLogin.swift in Sources */ = {isa = PBXBuildFile; fileRef = 437324F929A7710B00AA3214 /* ManageLogin.swift */; };
		4377A95F29A8BF6A00D13B18 /* DeliverersViewController.swift in Sources */ = {isa = PBXBuildFile; fileRef = 4377A95D29A8BF6A00D13B18 /* DeliverersViewController.swift */; };
		4377A96029A8BF6A00D13B18 /* DeliverersViewController.xib in Resources */ = {isa = PBXBuildFile; fileRef = 4377A95E29A8BF6A00D13B18 /* DeliverersViewController.xib */; };
		4377A96429A93AAE00D13B18 /* DelivererDataModel.swift in Sources */ = {isa = PBXBuildFile; fileRef = 4377A96329A93AAE00D13B18 /* DelivererDataModel.swift */; };
		4377A96929AA140800D13B18 /* ManageDeliverers.swift in Sources */ = {isa = PBXBuildFile; fileRef = 4377A96829AA140800D13B18 /* ManageDeliverers.swift */; };
		4392208F29AC40190060A69C /* PackageDataModel.swift in Sources */ = {isa = PBXBuildFile; fileRef = 4392208E29AC40190060A69C /* PackageDataModel.swift */; };
		4392209329AC40370060A69C /* EmployerDataModel.swift in Sources */ = {isa = PBXBuildFile; fileRef = 4392209229AC40370060A69C /* EmployerDataModel.swift */; };
		4392209529AC405F0060A69C /* DeliveryDataModel.swift in Sources */ = {isa = PBXBuildFile; fileRef = 4392209429AC405F0060A69C /* DeliveryDataModel.swift */; };
		4392209729AC40A30060A69C /* ManagePackageViewModel.swift in Sources */ = {isa = PBXBuildFile; fileRef = 4392209629AC40A30060A69C /* ManagePackageViewModel.swift */; };
		4392209929AC40B50060A69C /* ManageEmployerViewModel.swift in Sources */ = {isa = PBXBuildFile; fileRef = 4392209829AC40B50060A69C /* ManageEmployerViewModel.swift */; };
		4392209B29AC40C90060A69C /* ManageDeliveryViewModel.swift in Sources */ = {isa = PBXBuildFile; fileRef = 4392209A29AC40C90060A69C /* ManageDeliveryViewModel.swift */; };
		4392209E29AC415B0060A69C /* AssignedPackageViewController.swift in Sources */ = {isa = PBXBuildFile; fileRef = 4392209C29AC415B0060A69C /* AssignedPackageViewController.swift */; };
		4392209F29AC415B0060A69C /* AssignedPackageViewController.xib in Resources */ = {isa = PBXBuildFile; fileRef = 4392209D29AC415B0060A69C /* AssignedPackageViewController.xib */; };
		439220A229AC45680060A69C /* DeliveryViewController.swift in Sources */ = {isa = PBXBuildFile; fileRef = 439220A029AC45680060A69C /* DeliveryViewController.swift */; };
		439220A329AC45680060A69C /* DeliveryViewController.xib in Resources */ = {isa = PBXBuildFile; fileRef = 439220A129AC45680060A69C /* DeliveryViewController.xib */; };
		439220A629AC472C0060A69C /* CreateDeliveryViewController.swift in Sources */ = {isa = PBXBuildFile; fileRef = 439220A429AC472C0060A69C /* CreateDeliveryViewController.swift */; };
		439220A729AC472C0060A69C /* CreateDeliveryViewController.xib in Resources */ = {isa = PBXBuildFile; fileRef = 439220A529AC472C0060A69C /* CreateDeliveryViewController.xib */; };
		439220AA29AC47BA0060A69C /* SpecialDeliveryViewController.swift in Sources */ = {isa = PBXBuildFile; fileRef = 439220A829AC47BA0060A69C /* SpecialDeliveryViewController.swift */; };
		439220AB29AC47BA0060A69C /* SpecialDeliveryViewController.xib in Resources */ = {isa = PBXBuildFile; fileRef = 439220A929AC47BA0060A69C /* SpecialDeliveryViewController.xib */; };
		439220AE29AC48C20060A69C /* DetailDeliveryViewController.swift in Sources */ = {isa = PBXBuildFile; fileRef = 439220AC29AC48C20060A69C /* DetailDeliveryViewController.swift */; };
		439220AF29AC48C20060A69C /* DetailDeliveryViewController.xib in Resources */ = {isa = PBXBuildFile; fileRef = 439220AD29AC48C20060A69C /* DetailDeliveryViewController.xib */; };
		43EE8592299416B0006E6909 /* AppDelegate.swift in Sources */ = {isa = PBXBuildFile; fileRef = 43EE8591299416B0006E6909 /* AppDelegate.swift */; };
		43EE859B299416B2006E6909 /* Assets.xcassets in Resources */ = {isa = PBXBuildFile; fileRef = 43EE859A299416B2006E6909 /* Assets.xcassets */; };
		43EE859E299416B2006E6909 /* LaunchScreen.storyboard in Resources */ = {isa = PBXBuildFile; fileRef = 43EE859C299416B2006E6909 /* LaunchScreen.storyboard */; };
/* End PBXBuildFile section */

/* Begin PBXContainerItemProxy section */
		434599CC29AA67E3002E4297 /* PBXContainerItemProxy */ = {
			isa = PBXContainerItemProxy;
			containerPortal = 434599C729AA67E3002E4297 /* NSLogger.xcodeproj */;
			proxyType = 2;
			remoteGlobalIDString = DAAD0F961C4BE27B0042313D;
			remoteInfo = NSLogger;
		};
		434599CE29AA67E3002E4297 /* PBXContainerItemProxy */ = {
			isa = PBXContainerItemProxy;
			containerPortal = 434599C729AA67E3002E4297 /* NSLogger.xcodeproj */;
			proxyType = 2;
			remoteGlobalIDString = 3D0EE4BC1EC1241100D0FA63;
			remoteInfo = NSLoggerSwift;
		};
/* End PBXContainerItemProxy section */

/* Begin PBXFileReference section */
		434599C729AA67E3002E4297 /* NSLogger.xcodeproj */ = {isa = PBXFileReference; lastKnownFileType = "wrapper.pb-project"; name = NSLogger.xcodeproj; path = NSLogger/NSLogger.xcodeproj; sourceTree = "<group>"; };
		434599D629AB6C0E002E4297 /* ManageDeliverer.swift */ = {isa = PBXFileReference; lastKnownFileType = sourcecode.swift; path = ManageDeliverer.swift; sourceTree = "<group>"; };
		437324ED29A6A00400AA3214 /* HomeViewController.swift */ = {isa = PBXFileReference; lastKnownFileType = sourcecode.swift; path = HomeViewController.swift; sourceTree = "<group>"; };
		437324EE29A6A00400AA3214 /* HomeViewController.xib */ = {isa = PBXFileReference; lastKnownFileType = file.xib; path = HomeViewController.xib; sourceTree = "<group>"; };
		437324F529A6A2A200AA3214 /* APISevice.swift */ = {isa = PBXFileReference; lastKnownFileType = sourcecode.swift; path = APISevice.swift; sourceTree = "<group>"; };
		437324F729A76DF800AA3214 /* LoginDataModel.swift */ = {isa = PBXFileReference; lastKnownFileType = sourcecode.swift; path = LoginDataModel.swift; sourceTree = "<group>"; };
		437324F929A7710B00AA3214 /* ManageLogin.swift */ = {isa = PBXFileReference; lastKnownFileType = sourcecode.swift; path = ManageLogin.swift; sourceTree = "<group>"; };
		4377A95D29A8BF6A00D13B18 /* DeliverersViewController.swift */ = {isa = PBXFileReference; lastKnownFileType = sourcecode.swift; path = DeliverersViewController.swift; sourceTree = "<group>"; };
		4377A95E29A8BF6A00D13B18 /* DeliverersViewController.xib */ = {isa = PBXFileReference; lastKnownFileType = file.xib; path = DeliverersViewController.xib; sourceTree = "<group>"; };
		4377A96329A93AAE00D13B18 /* DelivererDataModel.swift */ = {isa = PBXFileReference; lastKnownFileType = sourcecode.swift; path = DelivererDataModel.swift; sourceTree = "<group>"; };
		4377A96829AA140800D13B18 /* ManageDeliverers.swift */ = {isa = PBXFileReference; lastKnownFileType = sourcecode.swift; path = ManageDeliverers.swift; sourceTree = "<group>"; };
		4392208E29AC40190060A69C /* PackageDataModel.swift */ = {isa = PBXFileReference; lastKnownFileType = sourcecode.swift; path = PackageDataModel.swift; sourceTree = "<group>"; };
		4392209229AC40370060A69C /* EmployerDataModel.swift */ = {isa = PBXFileReference; lastKnownFileType = sourcecode.swift; path = EmployerDataModel.swift; sourceTree = "<group>"; };
		4392209429AC405F0060A69C /* DeliveryDataModel.swift */ = {isa = PBXFileReference; lastKnownFileType = sourcecode.swift; path = DeliveryDataModel.swift; sourceTree = "<group>"; };
		4392209629AC40A30060A69C /* ManagePackageViewModel.swift */ = {isa = PBXFileReference; lastKnownFileType = sourcecode.swift; path = ManagePackageViewModel.swift; sourceTree = "<group>"; };
		4392209829AC40B50060A69C /* ManageEmployerViewModel.swift */ = {isa = PBXFileReference; lastKnownFileType = sourcecode.swift; path = ManageEmployerViewModel.swift; sourceTree = "<group>"; };
		4392209A29AC40C90060A69C /* ManageDeliveryViewModel.swift */ = {isa = PBXFileReference; lastKnownFileType = sourcecode.swift; path = ManageDeliveryViewModel.swift; sourceTree = "<group>"; };
		4392209C29AC415B0060A69C /* AssignedPackageViewController.swift */ = {isa = PBXFileReference; lastKnownFileType = sourcecode.swift; path = AssignedPackageViewController.swift; sourceTree = "<group>"; };
		4392209D29AC415B0060A69C /* AssignedPackageViewController.xib */ = {isa = PBXFileReference; lastKnownFileType = file.xib; path = AssignedPackageViewController.xib; sourceTree = "<group>"; };
		439220A029AC45680060A69C /* DeliveryViewController.swift */ = {isa = PBXFileReference; lastKnownFileType = sourcecode.swift; path = DeliveryViewController.swift; sourceTree = "<group>"; };
		439220A129AC45680060A69C /* DeliveryViewController.xib */ = {isa = PBXFileReference; lastKnownFileType = file.xib; path = DeliveryViewController.xib; sourceTree = "<group>"; };
		439220A429AC472C0060A69C /* CreateDeliveryViewController.swift */ = {isa = PBXFileReference; lastKnownFileType = sourcecode.swift; path = CreateDeliveryViewController.swift; sourceTree = "<group>"; };
		439220A529AC472C0060A69C /* CreateDeliveryViewController.xib */ = {isa = PBXFileReference; lastKnownFileType = file.xib; path = CreateDeliveryViewController.xib; sourceTree = "<group>"; };
		439220A829AC47BA0060A69C /* SpecialDeliveryViewController.swift */ = {isa = PBXFileReference; lastKnownFileType = sourcecode.swift; path = SpecialDeliveryViewController.swift; sourceTree = "<group>"; };
		439220A929AC47BA0060A69C /* SpecialDeliveryViewController.xib */ = {isa = PBXFileReference; lastKnownFileType = file.xib; path = SpecialDeliveryViewController.xib; sourceTree = "<group>"; };
		439220AC29AC48C20060A69C /* DetailDeliveryViewController.swift */ = {isa = PBXFileReference; lastKnownFileType = sourcecode.swift; path = DetailDeliveryViewController.swift; sourceTree = "<group>"; };
		439220AD29AC48C20060A69C /* DetailDeliveryViewController.xib */ = {isa = PBXFileReference; lastKnownFileType = file.xib; path = DetailDeliveryViewController.xib; sourceTree = "<group>"; };
		43EE858E299416B0006E6909 /* EFD-Boss.app */ = {isa = PBXFileReference; explicitFileType = wrapper.application; includeInIndex = 0; path = "EFD-Boss.app"; sourceTree = BUILT_PRODUCTS_DIR; };
		43EE8591299416B0006E6909 /* AppDelegate.swift */ = {isa = PBXFileReference; lastKnownFileType = sourcecode.swift; path = AppDelegate.swift; sourceTree = "<group>"; };
		43EE859A299416B2006E6909 /* Assets.xcassets */ = {isa = PBXFileReference; lastKnownFileType = folder.assetcatalog; path = Assets.xcassets; sourceTree = "<group>"; };
		43EE859D299416B2006E6909 /* Base */ = {isa = PBXFileReference; lastKnownFileType = file.storyboard; name = Base; path = Base.lproj/LaunchScreen.storyboard; sourceTree = "<group>"; };
		43EE859F299416B2006E6909 /* Info.plist */ = {isa = PBXFileReference; lastKnownFileType = text.plist.xml; path = Info.plist; sourceTree = "<group>"; };
/* End PBXFileReference section */

/* Begin PBXFrameworksBuildPhase section */
		43EE858B299416B0006E6909 /* Frameworks */ = {
			isa = PBXFrameworksBuildPhase;
			buildActionMask = 2147483647;
			files = (
			);
			runOnlyForDeploymentPostprocessing = 0;
		};
/* End PBXFrameworksBuildPhase section */

/* Begin PBXGroup section */
		434599C829AA67E3002E4297 /* Products */ = {
			isa = PBXGroup;
			children = (
				434599CD29AA67E3002E4297 /* NSLogger.framework */,
				434599CF29AA67E3002E4297 /* NSLoggerSwift.framework */,
			);
			name = Products;
			sourceTree = "<group>";
		};
		437324EC29A69FAF00AA3214 /* Model */ = {
			isa = PBXGroup;
			children = (
				437324F729A76DF800AA3214 /* LoginDataModel.swift */,
				4392208E29AC40190060A69C /* PackageDataModel.swift */,
				4392209229AC40370060A69C /* EmployerDataModel.swift */,
				4392209429AC405F0060A69C /* DeliveryDataModel.swift */,
				4377A96329A93AAE00D13B18 /* DelivererDataModel.swift */,
			);
			path = Model;
			sourceTree = "<group>";
		};
		437324F229A6A24900AA3214 /* Controllers */ = {
			isa = PBXGroup;
			children = (
				439220A429AC472C0060A69C /* CreateDeliveryViewController.swift */,
				439220A829AC47BA0060A69C /* SpecialDeliveryViewController.swift */,
				4392209C29AC415B0060A69C /* AssignedPackageViewController.swift */,
				439220A029AC45680060A69C /* DeliveryViewController.swift */,
				439220AC29AC48C20060A69C /* DetailDeliveryViewController.swift */,
				4377A95D29A8BF6A00D13B18 /* DeliverersViewController.swift */,
				437324ED29A6A00400AA3214 /* HomeViewController.swift */,
			);
			name = Controllers;
			sourceTree = "<group>";
		};
		437324F329A6A25800AA3214 /* Views */ = {
			isa = PBXGroup;
			children = (
				4377A95E29A8BF6A00D13B18 /* DeliverersViewController.xib */,
				437324EE29A6A00400AA3214 /* HomeViewController.xib */,
				439220A129AC45680060A69C /* DeliveryViewController.xib */,
				439220A529AC472C0060A69C /* CreateDeliveryViewController.xib */,
				439220AD29AC48C20060A69C /* DetailDeliveryViewController.xib */,
				439220A929AC47BA0060A69C /* SpecialDeliveryViewController.xib */,
				4392209D29AC415B0060A69C /* AssignedPackageViewController.xib */,
			);
			name = Views;
			sourceTree = "<group>";
		};
		437324F429A6A28F00AA3214 /* API */ = {
			isa = PBXGroup;
			children = (
				437324F529A6A2A200AA3214 /* APISevice.swift */,
				437324F929A7710B00AA3214 /* ManageLogin.swift */,
				4392209629AC40A30060A69C /* ManagePackageViewModel.swift */,
				4392209829AC40B50060A69C /* ManageEmployerViewModel.swift */,
				4392209A29AC40C90060A69C /* ManageDeliveryViewModel.swift */,
				4377A96829AA140800D13B18 /* ManageDeliverers.swift */,
				434599D629AB6C0E002E4297 /* ManageDeliverer.swift */,
			);
			name = API;
			sourceTree = "<group>";
		};
		437324FD29A7781300AA3214 /* Submodule */ = {
			isa = PBXGroup;
			children = (
				434599C729AA67E3002E4297 /* NSLogger.xcodeproj */,
			);
			path = Submodule;
			sourceTree = "<group>";
		};
		4373250729A778B900AA3214 /* Frameworks */ = {
			isa = PBXGroup;
			children = (
			);
			name = Frameworks;
			sourceTree = "<group>";
		};
		43EE8585299416B0006E6909 = {
			isa = PBXGroup;
			children = (
				43EE8590299416B0006E6909 /* EFD-Boss */,
				43EE858F299416B0006E6909 /* Products */,
				4373250729A778B900AA3214 /* Frameworks */,
			);
			sourceTree = "<group>";
		};
		43EE858F299416B0006E6909 /* Products */ = {
			isa = PBXGroup;
			children = (
				43EE858E299416B0006E6909 /* EFD-Boss.app */,
			);
			name = Products;
			sourceTree = "<group>";
		};
		43EE8590299416B0006E6909 /* EFD-Boss */ = {
			isa = PBXGroup;
			children = (
				437324FD29A7781300AA3214 /* Submodule */,
				43EE8591299416B0006E6909 /* AppDelegate.swift */,
				437324F429A6A28F00AA3214 /* API */,
				437324F329A6A25800AA3214 /* Views */,
				437324F229A6A24900AA3214 /* Controllers */,
				437324EC29A69FAF00AA3214 /* Model */,
				43EE859A299416B2006E6909 /* Assets.xcassets */,
				43EE859C299416B2006E6909 /* LaunchScreen.storyboard */,
				43EE859F299416B2006E6909 /* Info.plist */,
			);
			path = "EFD-Boss";
			sourceTree = "<group>";
		};
/* End PBXGroup section */

/* Begin PBXNativeTarget section */
		43EE858D299416B0006E6909 /* EFD-Boss */ = {
			isa = PBXNativeTarget;
			buildConfigurationList = 43EE85A2299416B2006E6909 /* Build configuration list for PBXNativeTarget "EFD-Boss" */;
			buildPhases = (
				43EE858A299416B0006E6909 /* Sources */,
				43EE858B299416B0006E6909 /* Frameworks */,
				43EE858C299416B0006E6909 /* Resources */,
			);
			buildRules = (
			);
			dependencies = (
			);
			name = "EFD-Boss";
			productName = "EFD-Boss";
			productReference = 43EE858E299416B0006E6909 /* EFD-Boss.app */;
			productType = "com.apple.product-type.application";
		};
/* End PBXNativeTarget section */

/* Begin PBXProject section */
		43EE8586299416B0006E6909 /* Project object */ = {
			isa = PBXProject;
			attributes = {
				BuildIndependentTargetsInParallel = 1;
				LastSwiftUpdateCheck = 1420;
				LastUpgradeCheck = 1420;
				TargetAttributes = {
					43EE858D299416B0006E6909 = {
						CreatedOnToolsVersion = 14.2;
					};
				};
			};
			buildConfigurationList = 43EE8589299416B0006E6909 /* Build configuration list for PBXProject "EFD-Boss" */;
			compatibilityVersion = "Xcode 13.0";
			developmentRegion = en;
			hasScannedForEncodings = 0;
			knownRegions = (
				en,
				Base,
			);
			mainGroup = 43EE8585299416B0006E6909;
			packageReferences = (
			);
			productRefGroup = 43EE858F299416B0006E6909 /* Products */;
			projectDirPath = "";
			projectReferences = (
				{
					ProductGroup = 434599C829AA67E3002E4297 /* Products */;
					ProjectRef = 434599C729AA67E3002E4297 /* NSLogger.xcodeproj */;
				},
			);
			projectRoot = "";
			targets = (
				43EE858D299416B0006E6909 /* EFD-Boss */,
			);
		};
/* End PBXProject section */

/* Begin PBXReferenceProxy section */
		434599CD29AA67E3002E4297 /* NSLogger.framework */ = {
			isa = PBXReferenceProxy;
			fileType = wrapper.framework;
			path = NSLogger.framework;
			remoteRef = 434599CC29AA67E3002E4297 /* PBXContainerItemProxy */;
			sourceTree = BUILT_PRODUCTS_DIR;
		};
		434599CF29AA67E3002E4297 /* NSLoggerSwift.framework */ = {
			isa = PBXReferenceProxy;
			fileType = wrapper.framework;
			path = NSLoggerSwift.framework;
			remoteRef = 434599CE29AA67E3002E4297 /* PBXContainerItemProxy */;
			sourceTree = BUILT_PRODUCTS_DIR;
		};
/* End PBXReferenceProxy section */

/* Begin PBXResourcesBuildPhase section */
		43EE858C299416B0006E6909 /* Resources */ = {
			isa = PBXResourcesBuildPhase;
			buildActionMask = 2147483647;
			files = (
				439220AF29AC48C20060A69C /* DetailDeliveryViewController.xib in Resources */,
				4392209F29AC415B0060A69C /* AssignedPackageViewController.xib in Resources */,
				43EE859E299416B2006E6909 /* LaunchScreen.storyboard in Resources */,
				439220AB29AC47BA0060A69C /* SpecialDeliveryViewController.xib in Resources */,
				439220A329AC45680060A69C /* DeliveryViewController.xib in Resources */,
				4377A96029A8BF6A00D13B18 /* DeliverersViewController.xib in Resources */,
				43EE859B299416B2006E6909 /* Assets.xcassets in Resources */,
				437324F029A6A00400AA3214 /* HomeViewController.xib in Resources */,
				439220A729AC472C0060A69C /* CreateDeliveryViewController.xib in Resources */,
			);
			runOnlyForDeploymentPostprocessing = 0;
		};
/* End PBXResourcesBuildPhase section */

/* Begin PBXSourcesBuildPhase section */
		43EE858A299416B0006E6909 /* Sources */ = {
			isa = PBXSourcesBuildPhase;
			buildActionMask = 2147483647;
			files = (
				4377A96429A93AAE00D13B18 /* DelivererDataModel.swift in Sources */,
				437324FA29A7710B00AA3214 /* ManageLogin.swift in Sources */,
				439220AA29AC47BA0060A69C /* SpecialDeliveryViewController.swift in Sources */,
				4377A96929AA140800D13B18 /* ManageDeliverers.swift in Sources */,
				434599D729AB6C0F002E4297 /* ManageDeliverer.swift in Sources */,
				4392209929AC40B50060A69C /* ManageEmployerViewModel.swift in Sources */,
				4392209329AC40370060A69C /* EmployerDataModel.swift in Sources */,
				4377A95F29A8BF6A00D13B18 /* DeliverersViewController.swift in Sources */,
				43EE8592299416B0006E6909 /* AppDelegate.swift in Sources */,
				437324EF29A6A00400AA3214 /* HomeViewController.swift in Sources */,
				439220A229AC45680060A69C /* DeliveryViewController.swift in Sources */,
				439220A629AC472C0060A69C /* CreateDeliveryViewController.swift in Sources */,
				4392209729AC40A30060A69C /* ManagePackageViewModel.swift in Sources */,
				437324F629A6A2A200AA3214 /* APISevice.swift in Sources */,
				4392209529AC405F0060A69C /* DeliveryDataModel.swift in Sources */,
				439220AE29AC48C20060A69C /* DetailDeliveryViewController.swift in Sources */,
				4392208F29AC40190060A69C /* PackageDataModel.swift in Sources */,
				437324F829A76DF900AA3214 /* LoginDataModel.swift in Sources */,
				4392209B29AC40C90060A69C /* ManageDeliveryViewModel.swift in Sources */,
				4392209E29AC415B0060A69C /* AssignedPackageViewController.swift in Sources */,
			);
			runOnlyForDeploymentPostprocessing = 0;
		};
/* End PBXSourcesBuildPhase section */

/* Begin PBXVariantGroup section */
		43EE859C299416B2006E6909 /* LaunchScreen.storyboard */ = {
			isa = PBXVariantGroup;
			children = (
				43EE859D299416B2006E6909 /* Base */,
			);
			name = LaunchScreen.storyboard;
			sourceTree = "<group>";
		};
/* End PBXVariantGroup section */

/* Begin XCBuildConfiguration section */
		43EE85A0299416B2006E6909 /* Debug */ = {
			isa = XCBuildConfiguration;
			buildSettings = {
				ALWAYS_SEARCH_USER_PATHS = NO;
				CLANG_ANALYZER_NONNULL = YES;
				CLANG_ANALYZER_NUMBER_OBJECT_CONVERSION = YES_AGGRESSIVE;
				CLANG_CXX_LANGUAGE_STANDARD = "gnu++20";
				CLANG_ENABLE_MODULES = YES;
				CLANG_ENABLE_OBJC_ARC = YES;
				CLANG_ENABLE_OBJC_WEAK = YES;
				CLANG_WARN_BLOCK_CAPTURE_AUTORELEASING = YES;
				CLANG_WARN_BOOL_CONVERSION = YES;
				CLANG_WARN_COMMA = YES;
				CLANG_WARN_CONSTANT_CONVERSION = YES;
				CLANG_WARN_DEPRECATED_OBJC_IMPLEMENTATIONS = YES;
				CLANG_WARN_DIRECT_OBJC_ISA_USAGE = YES_ERROR;
				CLANG_WARN_DOCUMENTATION_COMMENTS = YES;
				CLANG_WARN_EMPTY_BODY = YES;
				CLANG_WARN_ENUM_CONVERSION = YES;
				CLANG_WARN_INFINITE_RECURSION = YES;
				CLANG_WARN_INT_CONVERSION = YES;
				CLANG_WARN_NON_LITERAL_NULL_CONVERSION = YES;
				CLANG_WARN_OBJC_IMPLICIT_RETAIN_SELF = YES;
				CLANG_WARN_OBJC_LITERAL_CONVERSION = YES;
				CLANG_WARN_OBJC_ROOT_CLASS = YES_ERROR;
				CLANG_WARN_QUOTED_INCLUDE_IN_FRAMEWORK_HEADER = YES;
				CLANG_WARN_RANGE_LOOP_ANALYSIS = YES;
				CLANG_WARN_STRICT_PROTOTYPES = YES;
				CLANG_WARN_SUSPICIOUS_MOVE = YES;
				CLANG_WARN_UNGUARDED_AVAILABILITY = YES_AGGRESSIVE;
				CLANG_WARN_UNREACHABLE_CODE = YES;
				CLANG_WARN__DUPLICATE_METHOD_MATCH = YES;
				COPY_PHASE_STRIP = NO;
				DEBUG_INFORMATION_FORMAT = dwarf;
				ENABLE_STRICT_OBJC_MSGSEND = YES;
				ENABLE_TESTABILITY = YES;
				GCC_C_LANGUAGE_STANDARD = gnu11;
				GCC_DYNAMIC_NO_PIC = NO;
				GCC_NO_COMMON_BLOCKS = YES;
				GCC_OPTIMIZATION_LEVEL = 0;
				GCC_PREPROCESSOR_DEFINITIONS = (
					"DEBUG=1",
					"$(inherited)",
				);
				GCC_WARN_64_TO_32_BIT_CONVERSION = YES;
				GCC_WARN_ABOUT_RETURN_TYPE = YES_ERROR;
				GCC_WARN_UNDECLARED_SELECTOR = YES;
				GCC_WARN_UNINITIALIZED_AUTOS = YES_AGGRESSIVE;
				GCC_WARN_UNUSED_FUNCTION = YES;
				GCC_WARN_UNUSED_VARIABLE = YES;
				IPHONEOS_DEPLOYMENT_TARGET = 13.0;
				MTL_ENABLE_DEBUG_INFO = INCLUDE_SOURCE;
				MTL_FAST_MATH = YES;
				ONLY_ACTIVE_ARCH = YES;
				SDKROOT = iphoneos;
				SWIFT_ACTIVE_COMPILATION_CONDITIONS = DEBUG;
				SWIFT_OPTIMIZATION_LEVEL = "-Onone";
			};
			name = Debug;
		};
		43EE85A1299416B2006E6909 /* Release */ = {
			isa = XCBuildConfiguration;
			buildSettings = {
				ALWAYS_SEARCH_USER_PATHS = NO;
				CLANG_ANALYZER_NONNULL = YES;
				CLANG_ANALYZER_NUMBER_OBJECT_CONVERSION = YES_AGGRESSIVE;
				CLANG_CXX_LANGUAGE_STANDARD = "gnu++20";
				CLANG_ENABLE_MODULES = YES;
				CLANG_ENABLE_OBJC_ARC = YES;
				CLANG_ENABLE_OBJC_WEAK = YES;
				CLANG_WARN_BLOCK_CAPTURE_AUTORELEASING = YES;
				CLANG_WARN_BOOL_CONVERSION = YES;
				CLANG_WARN_COMMA = YES;
				CLANG_WARN_CONSTANT_CONVERSION = YES;
				CLANG_WARN_DEPRECATED_OBJC_IMPLEMENTATIONS = YES;
				CLANG_WARN_DIRECT_OBJC_ISA_USAGE = YES_ERROR;
				CLANG_WARN_DOCUMENTATION_COMMENTS = YES;
				CLANG_WARN_EMPTY_BODY = YES;
				CLANG_WARN_ENUM_CONVERSION = YES;
				CLANG_WARN_INFINITE_RECURSION = YES;
				CLANG_WARN_INT_CONVERSION = YES;
				CLANG_WARN_NON_LITERAL_NULL_CONVERSION = YES;
				CLANG_WARN_OBJC_IMPLICIT_RETAIN_SELF = YES;
				CLANG_WARN_OBJC_LITERAL_CONVERSION = YES;
				CLANG_WARN_OBJC_ROOT_CLASS = YES_ERROR;
				CLANG_WARN_QUOTED_INCLUDE_IN_FRAMEWORK_HEADER = YES;
				CLANG_WARN_RANGE_LOOP_ANALYSIS = YES;
				CLANG_WARN_STRICT_PROTOTYPES = YES;
				CLANG_WARN_SUSPICIOUS_MOVE = YES;
				CLANG_WARN_UNGUARDED_AVAILABILITY = YES_AGGRESSIVE;
				CLANG_WARN_UNREACHABLE_CODE = YES;
				CLANG_WARN__DUPLICATE_METHOD_MATCH = YES;
				COPY_PHASE_STRIP = NO;
				DEBUG_INFORMATION_FORMAT = "dwarf-with-dsym";
				ENABLE_NS_ASSERTIONS = NO;
				ENABLE_STRICT_OBJC_MSGSEND = YES;
				GCC_C_LANGUAGE_STANDARD = gnu11;
				GCC_NO_COMMON_BLOCKS = YES;
				GCC_WARN_64_TO_32_BIT_CONVERSION = YES;
				GCC_WARN_ABOUT_RETURN_TYPE = YES_ERROR;
				GCC_WARN_UNDECLARED_SELECTOR = YES;
				GCC_WARN_UNINITIALIZED_AUTOS = YES_AGGRESSIVE;
				GCC_WARN_UNUSED_FUNCTION = YES;
				GCC_WARN_UNUSED_VARIABLE = YES;
				IPHONEOS_DEPLOYMENT_TARGET = 13.0;
				MTL_ENABLE_DEBUG_INFO = NO;
				MTL_FAST_MATH = YES;
				SDKROOT = iphoneos;
				SWIFT_COMPILATION_MODE = wholemodule;
				SWIFT_OPTIMIZATION_LEVEL = "-O";
				VALIDATE_PRODUCT = YES;
			};
			name = Release;
		};
		43EE85A3299416B2006E6909 /* Debug */ = {
			isa = XCBuildConfiguration;
			buildSettings = {
				ASSETCATALOG_COMPILER_APPICON_NAME = AppIcon;
				ASSETCATALOG_COMPILER_GLOBAL_ACCENT_COLOR_NAME = AccentColor;
				CODE_SIGN_STYLE = Automatic;
				CURRENT_PROJECT_VERSION = 1;
				DEVELOPMENT_TEAM = G6NP2N6V5F;
				GENERATE_INFOPLIST_FILE = YES;
				INFOPLIST_FILE = "EFD-Boss/Info.plist";
				INFOPLIST_KEY_UIApplicationSupportsIndirectInputEvents = YES;
				INFOPLIST_KEY_UILaunchStoryboardName = LaunchScreen;
				INFOPLIST_KEY_UISupportedInterfaceOrientations_iPad = "UIInterfaceOrientationLandscapeLeft UIInterfaceOrientationLandscapeRight";
				INFOPLIST_KEY_UISupportedInterfaceOrientations_iPhone = "UIInterfaceOrientationPortrait UIInterfaceOrientationLandscapeLeft UIInterfaceOrientationLandscapeRight";
				IPHONEOS_DEPLOYMENT_TARGET = 15.0;
				LD_RUNPATH_SEARCH_PATHS = (
					"$(inherited)",
					"@executable_path/Frameworks",
				);
				MARKETING_VERSION = 1.0;
				PRODUCT_BUNDLE_IDENTIFIER = "com.esgi.EFD-Boss";
				PRODUCT_NAME = "$(TARGET_NAME)";
				SUPPORTED_PLATFORMS = "iphoneos iphonesimulator";
				SUPPORTS_MACCATALYST = NO;
				SUPPORTS_MAC_DESIGNED_FOR_IPHONE_IPAD = YES;
				SWIFT_EMIT_LOC_STRINGS = YES;
				SWIFT_VERSION = 5.0;
				TARGETED_DEVICE_FAMILY = 2;
			};
			name = Debug;
		};
		43EE85A4299416B2006E6909 /* Release */ = {
			isa = XCBuildConfiguration;
			buildSettings = {
				ASSETCATALOG_COMPILER_APPICON_NAME = AppIcon;
				ASSETCATALOG_COMPILER_GLOBAL_ACCENT_COLOR_NAME = AccentColor;
				CODE_SIGN_STYLE = Automatic;
				CURRENT_PROJECT_VERSION = 1;
				DEVELOPMENT_TEAM = G6NP2N6V5F;
				GENERATE_INFOPLIST_FILE = YES;
				INFOPLIST_FILE = "EFD-Boss/Info.plist";
				INFOPLIST_KEY_UIApplicationSupportsIndirectInputEvents = YES;
				INFOPLIST_KEY_UILaunchStoryboardName = LaunchScreen;
				INFOPLIST_KEY_UISupportedInterfaceOrientations_iPad = "UIInterfaceOrientationLandscapeLeft UIInterfaceOrientationLandscapeRight";
				INFOPLIST_KEY_UISupportedInterfaceOrientations_iPhone = "UIInterfaceOrientationPortrait UIInterfaceOrientationLandscapeLeft UIInterfaceOrientationLandscapeRight";
				IPHONEOS_DEPLOYMENT_TARGET = 15.0;
				LD_RUNPATH_SEARCH_PATHS = (
					"$(inherited)",
					"@executable_path/Frameworks",
				);
				MARKETING_VERSION = 1.0;
				PRODUCT_BUNDLE_IDENTIFIER = "com.esgi.EFD-Boss";
				PRODUCT_NAME = "$(TARGET_NAME)";
				SUPPORTED_PLATFORMS = "iphoneos iphonesimulator";
				SUPPORTS_MACCATALYST = NO;
				SUPPORTS_MAC_DESIGNED_FOR_IPHONE_IPAD = YES;
				SWIFT_EMIT_LOC_STRINGS = YES;
				SWIFT_VERSION = 5.0;
				TARGETED_DEVICE_FAMILY = 2;
			};
			name = Release;
		};
/* End XCBuildConfiguration section */

/* Begin XCConfigurationList section */
		43EE8589299416B0006E6909 /* Build configuration list for PBXProject "EFD-Boss" */ = {
			isa = XCConfigurationList;
			buildConfigurations = (
				43EE85A0299416B2006E6909 /* Debug */,
				43EE85A1299416B2006E6909 /* Release */,
			);
			defaultConfigurationIsVisible = 0;
			defaultConfigurationName = Release;
		};
		43EE85A2299416B2006E6909 /* Build configuration list for PBXNativeTarget "EFD-Boss" */ = {
			isa = XCConfigurationList;
			buildConfigurations = (
				43EE85A3299416B2006E6909 /* Debug */,
				43EE85A4299416B2006E6909 /* Release */,
			);
			defaultConfigurationIsVisible = 0;
			defaultConfigurationName = Release;
		};
/* End XCConfigurationList section */
	};
	rootObject = 43EE8586299416B0006E6909 /* Project object */;
}
